// !$*UTF8*$!
{
	archiveVersion = 1;
	classes = {
	};
	objectVersion = 45;
	objects = {

/* Begin PBXBuildFile section */
		1D3623260D0F684500981E51 /* eponyms_touchAppDelegate.m in Sources */ = {isa = PBXBuildFile; fileRef = 1D3623250D0F684500981E51 /* eponyms_touchAppDelegate.m */; };
		1D60589B0D05DD56006BFB54 /* main.m in Sources */ = {isa = PBXBuildFile; fileRef = 29B97316FDCFA39411CA2CEA /* main.m */; };
		1D60589F0D05DD5A006BFB54 /* Foundation.framework in Frameworks */ = {isa = PBXBuildFile; fileRef = 1D30AB110D05D00D00671497 /* Foundation.framework */; };
		1DF5F4E00D08C38300B7A737 /* UIKit.framework in Frameworks */ = {isa = PBXBuildFile; fileRef = 1DF5F4DF0D08C38300B7A737 /* UIKit.framework */; };
		28AD733F0D9D9553002E5188 /* MainWindow.xib in Resources */ = {isa = PBXBuildFile; fileRef = 28AD733E0D9D9553002E5188 /* MainWindow.xib */; };
		EE14428F0E236E10003EA64C /* InfoView.xib in Resources */ = {isa = PBXBuildFile; fileRef = EE14428E0E236E10003EA64C /* InfoView.xib */; };
		EE1443EA0E23A576003EA64C /* EponymUpdater.m in Sources */ = {isa = PBXBuildFile; fileRef = EE1443E90E23A576003EA64C /* EponymUpdater.m */; };
		EE2338731207646F007A58FF /* libsqlite3.dylib in Frameworks */ = {isa = PBXBuildFile; fileRef = EE5BD33E11D917B500964E25 /* libsqlite3.dylib */; };
		EE2338BE120764B8007A58FF /* QuartzCore.framework in Frameworks */ = {isa = PBXBuildFile; fileRef = EEC2A70C11CE6E8A009C9486 /* QuartzCore.framework */; };
		EE2338C3120764DD007A58FF /* AVFoundation.framework in Frameworks */ = {isa = PBXBuildFile; fileRef = EE2338C2120764DD007A58FF /* AVFoundation.framework */; };
		EE2338C7120764E9007A58FF /* SystemConfiguration.framework in Frameworks */ = {isa = PBXBuildFile; fileRef = EE2338C6120764E9007A58FF /* SystemConfiguration.framework */; };
		EE23394E12077183007A58FF /* MainWindow-iPad.xib in Resources */ = {isa = PBXBuildFile; fileRef = EE381BD611CFEFBD00DB14D9 /* MainWindow-iPad.xib */; };
		EE23394F12077188007A58FF /* InfoView-iPad.xib in Resources */ = {isa = PBXBuildFile; fileRef = EE381BED11CFF14000DB14D9 /* InfoView-iPad.xib */; };
		EE2DE6BA0E1AE38200D97653 /* InfoViewController.m in Sources */ = {isa = PBXBuildFile; fileRef = EE2DE6B90E1AE38200D97653 /* InfoViewController.m */; };
		EE2DE74E0E1C297200D97653 /* ListViewController.m in Sources */ = {isa = PBXBuildFile; fileRef = EE2DE74D0E1C297200D97653 /* ListViewController.m */; };
		EE2DE7530E1C297F00D97653 /* EponymViewController.m in Sources */ = {isa = PBXBuildFile; fileRef = EE2DE7520E1C297F00D97653 /* EponymViewController.m */; };
		EE2DE7AC0E1C2F7A00D97653 /* CategoriesViewController.m in Sources */ = {isa = PBXBuildFile; fileRef = EE2DE7AB0E1C2F7A00D97653 /* CategoriesViewController.m */; };
		EE2DE9DE0E2125C700D97653 /* Eponym.m in Sources */ = {isa = PBXBuildFile; fileRef = EE2DE9DD0E2125C700D97653 /* Eponym.m */; };
		EE2DEDFA0E229B9B00D97653 /* Icon.png in Resources */ = {isa = PBXBuildFile; fileRef = EE2DEDF90E229B9B00D97653 /* Icon.png */; };
		EE2DEDFF0E229DB700D97653 /* Default.png in Resources */ = {isa = PBXBuildFile; fileRef = EE2DEDFE0E229DB700D97653 /* Default.png */; };
		EE38197B11CFD83000DB14D9 /* SQLiteAccessors.c in Sources */ = {isa = PBXBuildFile; fileRef = EE38197A11CFD83000DB14D9 /* SQLiteAccessors.c */; };
		EE38197C11CFD83000DB14D9 /* SQLiteAccessors.c in Sources */ = {isa = PBXBuildFile; fileRef = EE38197A11CFD83000DB14D9 /* SQLiteAccessors.c */; };
		EE3819F311CFE02100DB14D9 /* eponyms.sqlite in Resources */ = {isa = PBXBuildFile; fileRef = EE3819F211CFE02100DB14D9 /* eponyms.sqlite */; };
		EE3819F411CFE02100DB14D9 /* eponyms.sqlite in Resources */ = {isa = PBXBuildFile; fileRef = EE3819F211CFE02100DB14D9 /* eponyms.sqlite */; };
		EE381BD711CFEFBD00DB14D9 /* MainWindow-iPad.xib in Resources */ = {isa = PBXBuildFile; fileRef = EE381BD611CFEFBD00DB14D9 /* MainWindow-iPad.xib */; };
		EE381BEE11CFF14000DB14D9 /* InfoView-iPad.xib in Resources */ = {isa = PBXBuildFile; fileRef = EE381BED11CFF14000DB14D9 /* InfoView-iPad.xib */; };
		EE3BC3C10E6ACEBF0051B69D /* Badge_new_eponyms.png in Resources */ = {isa = PBXBuildFile; fileRef = EE3BC3C00E6ACEBF0051B69D /* Badge_new_eponyms.png */; };
		EE3BC4430E6ADECB0051B69D /* InfoBackground.png in Resources */ = {isa = PBXBuildFile; fileRef = EE3BC4420E6ADECB0051B69D /* InfoBackground.png */; };
		EE4B74EA0E2EB35500F7B157 /* NOTICE.txt in Resources */ = {isa = PBXBuildFile; fileRef = EE4B74E90E2EB35500F7B157 /* NOTICE.txt */; };
		EE4B74F00E2EB53800F7B157 /* LICENSE.txt in Resources */ = {isa = PBXBuildFile; fileRef = EE4B74EF0E2EB53800F7B157 /* LICENSE.txt */; };
		EE53732111D0294E004F030E /* Default-Landscape.png in Resources */ = {isa = PBXBuildFile; fileRef = EE53731F11D0294E004F030E /* Default-Landscape.png */; };
		EE53732211D0294E004F030E /* Default-Portrait.png in Resources */ = {isa = PBXBuildFile; fileRef = EE53732011D0294E004F030E /* Default-Portrait.png */; };
		EE53732411D02A07004F030E /* Eponyms_bglogo.png in Resources */ = {isa = PBXBuildFile; fileRef = EE53732311D02A07004F030E /* Eponyms_bglogo.png */; };
		EE56385B109DFB1D00D6C4E6 /* MainWindow.xib in Resources */ = {isa = PBXBuildFile; fileRef = 28AD733E0D9D9553002E5188 /* MainWindow.xib */; };
		EE56385C109DFB1D00D6C4E6 /* Eponyms.png in Resources */ = {isa = PBXBuildFile; fileRef = EE2DE6B40E1AE31800D97653 /* Eponyms.png */; };
		EE56385F109DFB1D00D6C4E6 /* InfoView.xib in Resources */ = {isa = PBXBuildFile; fileRef = EE14428E0E236E10003EA64C /* InfoView.xib */; };
		EE563860109DFB1D00D6C4E6 /* eponyms.xml in Resources */ = {isa = PBXBuildFile; fileRef = EE64C7BF0E2680D40000BC8D /* eponyms.xml */; };
		EE563861109DFB1D00D6C4E6 /* Info.txt in Resources */ = {isa = PBXBuildFile; fileRef = EEAB00F90E2E2F3E00D84A8A /* Info.txt */; };
		EE563862109DFB1D00D6C4E6 /* NOTICE.txt in Resources */ = {isa = PBXBuildFile; fileRef = EE4B74E90E2EB35500F7B157 /* NOTICE.txt */; };
		EE563863109DFB1D00D6C4E6 /* LICENSE.txt in Resources */ = {isa = PBXBuildFile; fileRef = EE4B74EF0E2EB53800F7B157 /* LICENSE.txt */; };
		EE563864109DFB1D00D6C4E6 /* Star_list_active.png in Resources */ = {isa = PBXBuildFile; fileRef = EE89CE9C0E618B2C0016A781 /* Star_list_active.png */; };
		EE563865109DFB1D00D6C4E6 /* Star_eponym_active.png in Resources */ = {isa = PBXBuildFile; fileRef = EE66414D0E62A2220047D7ED /* Star_eponym_active.png */; };
		EE563866109DFB1D00D6C4E6 /* Star_eponym_inactive.png in Resources */ = {isa = PBXBuildFile; fileRef = EE66414E0E62A2220047D7ED /* Star_eponym_inactive.png */; };
		EE563867109DFB1D00D6C4E6 /* Badge_new_eponyms.png in Resources */ = {isa = PBXBuildFile; fileRef = EE3BC3C00E6ACEBF0051B69D /* Badge_new_eponyms.png */; };
		EE563868109DFB1D00D6C4E6 /* InfoBackground.png in Resources */ = {isa = PBXBuildFile; fileRef = EE3BC4420E6ADECB0051B69D /* InfoBackground.png */; };
		EE563869109DFB1D00D6C4E6 /* ElevatedBar.png in Resources */ = {isa = PBXBuildFile; fileRef = EE8E56740E6CA69600928D90 /* ElevatedBar.png */; };
		EE56386B109DFB1D00D6C4E6 /* Entitlements.plist in Resources */ = {isa = PBXBuildFile; fileRef = EEF9F2930EA74928002F024E /* Entitlements.plist */; };
		EE56386E109DFB1D00D6C4E6 /* main.m in Sources */ = {isa = PBXBuildFile; fileRef = 29B97316FDCFA39411CA2CEA /* main.m */; };
		EE56386F109DFB1D00D6C4E6 /* eponyms_touchAppDelegate.m in Sources */ = {isa = PBXBuildFile; fileRef = 1D3623250D0F684500981E51 /* eponyms_touchAppDelegate.m */; };
		EE563870109DFB1D00D6C4E6 /* InfoViewController.m in Sources */ = {isa = PBXBuildFile; fileRef = EE2DE6B90E1AE38200D97653 /* InfoViewController.m */; };
		EE563871109DFB1D00D6C4E6 /* ListViewController.m in Sources */ = {isa = PBXBuildFile; fileRef = EE2DE74D0E1C297200D97653 /* ListViewController.m */; };
		EE563872109DFB1D00D6C4E6 /* EponymViewController.m in Sources */ = {isa = PBXBuildFile; fileRef = EE2DE7520E1C297F00D97653 /* EponymViewController.m */; };
		EE563873109DFB1D00D6C4E6 /* CategoriesViewController.m in Sources */ = {isa = PBXBuildFile; fileRef = EE2DE7AB0E1C2F7A00D97653 /* CategoriesViewController.m */; };
		EE563874109DFB1D00D6C4E6 /* Eponym.m in Sources */ = {isa = PBXBuildFile; fileRef = EE2DE9DD0E2125C700D97653 /* Eponym.m */; };
		EE563875109DFB1D00D6C4E6 /* EponymUpdater.m in Sources */ = {isa = PBXBuildFile; fileRef = EE1443E90E23A576003EA64C /* EponymUpdater.m */; };
		EE563877109DFB1D00D6C4E6 /* EponymCategory.m in Sources */ = {isa = PBXBuildFile; fileRef = EE89C9FF0E6059280016A781 /* EponymCategory.m */; };
		EE563878109DFB1D00D6C4E6 /* TouchTableView.m in Sources */ = {isa = PBXBuildFile; fileRef = EE89CD5E0E6170EE0016A781 /* TouchTableView.m */; };
		EE56387B109DFB1D00D6C4E6 /* Foundation.framework in Frameworks */ = {isa = PBXBuildFile; fileRef = 1D30AB110D05D00D00671497 /* Foundation.framework */; };
		EE56387C109DFB1D00D6C4E6 /* UIKit.framework in Frameworks */ = {isa = PBXBuildFile; fileRef = 1DF5F4DF0D08C38300B7A737 /* UIKit.framework */; };
		EE56387D109DFB1D00D6C4E6 /* CoreGraphics.framework in Frameworks */ = {isa = PBXBuildFile; fileRef = EED69F820E2BF41900BEF0C4 /* CoreGraphics.framework */; };
		EE56387E109DFB1D00D6C4E6 /* libGoogleAds.a in Frameworks */ = {isa = PBXBuildFile; fileRef = EE563847109DFAAE00D6C4E6 /* libGoogleAds.a */; };
		EE563940109E186200D6C4E6 /* MCTextView.m in Sources */ = {isa = PBXBuildFile; fileRef = EE56393F109E186200D6C4E6 /* MCTextView.m */; };
		EE563BCC109E4BAE00D6C4E6 /* MCTextView.m in Sources */ = {isa = PBXBuildFile; fileRef = EE56393F109E186200D6C4E6 /* MCTextView.m */; };
		EE5A6C7F10B831840092053C /* Icon-student.png in Resources */ = {isa = PBXBuildFile; fileRef = EE5A6C7E10B831840092053C /* Icon-student.png */; };
		EE5BD32811D9173B00964E25 /* sqlite3_unicode.c in Sources */ = {isa = PBXBuildFile; fileRef = EE5BD32711D9173B00964E25 /* sqlite3_unicode.c */; };
		EE5BD32911D9173B00964E25 /* sqlite3_unicode.c in Sources */ = {isa = PBXBuildFile; fileRef = EE5BD32711D9173B00964E25 /* sqlite3_unicode.c */; };
		EE5BD33F11D917B500964E25 /* libsqlite3.dylib in Frameworks */ = {isa = PBXBuildFile; fileRef = EE5BD33E11D917B500964E25 /* libsqlite3.dylib */; };
		EE5BD3A711D930F500964E25 /* RoundedButton.png in Resources */ = {isa = PBXBuildFile; fileRef = EE5BD3A611D930F500964E25 /* RoundedButton.png */; };
		EE5BD3A811D930F500964E25 /* RoundedButton.png in Resources */ = {isa = PBXBuildFile; fileRef = EE5BD3A611D930F500964E25 /* RoundedButton.png */; };
		EE5BD3AE11D9330900964E25 /* RoundedButtonBlue.png in Resources */ = {isa = PBXBuildFile; fileRef = EE5BD3AD11D9330900964E25 /* RoundedButtonBlue.png */; };
		EE5BD3AF11D9330900964E25 /* RoundedButtonBlue.png in Resources */ = {isa = PBXBuildFile; fileRef = EE5BD3AD11D9330900964E25 /* RoundedButtonBlue.png */; };
		EE5BD49511D9503900964E25 /* RoundedButtonBlue@2x.png in Resources */ = {isa = PBXBuildFile; fileRef = EE5BD49411D9503900964E25 /* RoundedButtonBlue@2x.png */; };
		EE5BD49611D9503900964E25 /* RoundedButtonBlue@2x.png in Resources */ = {isa = PBXBuildFile; fileRef = EE5BD49411D9503900964E25 /* RoundedButtonBlue@2x.png */; };
		EE5BD49811D9503E00964E25 /* RoundedButton@2x.png in Resources */ = {isa = PBXBuildFile; fileRef = EE5BD49711D9503E00964E25 /* RoundedButton@2x.png */; };
		EE5BD49911D9503E00964E25 /* RoundedButton@2x.png in Resources */ = {isa = PBXBuildFile; fileRef = EE5BD49711D9503E00964E25 /* RoundedButton@2x.png */; };
		EE5BD4D011D95E7700964E25 /* Default@2x.png in Resources */ = {isa = PBXBuildFile; fileRef = EE5BD4CF11D95E7700964E25 /* Default@2x.png */; };
		EE64C7C00E2680D40000BC8D /* eponyms.xml in Resources */ = {isa = PBXBuildFile; fileRef = EE64C7BF0E2680D40000BC8D /* eponyms.xml */; };
		EE66414F0E62A2220047D7ED /* Star_eponym_active.png in Resources */ = {isa = PBXBuildFile; fileRef = EE66414D0E62A2220047D7ED /* Star_eponym_active.png */; };
		EE6641500E62A2220047D7ED /* Star_eponym_inactive.png in Resources */ = {isa = PBXBuildFile; fileRef = EE66414E0E62A2220047D7ED /* Star_eponym_inactive.png */; };
		EE664ED212077E630070BA19 /* Default@2x.png in Resources */ = {isa = PBXBuildFile; fileRef = EE664ED112077E630070BA19 /* Default@2x.png */; };
		EE664EE7120780990070BA19 /* Default-Landscape.png in Resources */ = {isa = PBXBuildFile; fileRef = EE664EE5120780990070BA19 /* Default-Landscape.png */; };
		EE664EE8120780990070BA19 /* Default-Portrait.png in Resources */ = {isa = PBXBuildFile; fileRef = EE664EE6120780990070BA19 /* Default-Portrait.png */; };
		EE664EEE120780B40070BA19 /* Eponyms_bglogo.png in Resources */ = {isa = PBXBuildFile; fileRef = EE664EED120780B40070BA19 /* Eponyms_bglogo.png */; };
		EE89CA000E6059280016A781 /* EponymCategory.m in Sources */ = {isa = PBXBuildFile; fileRef = EE89C9FF0E6059280016A781 /* EponymCategory.m */; };
		EE89CD5F0E6170EE0016A781 /* TouchTableView.m in Sources */ = {isa = PBXBuildFile; fileRef = EE89CD5E0E6170EE0016A781 /* TouchTableView.m */; };
		EE89CE9D0E618B2C0016A781 /* Star_list_active.png in Resources */ = {isa = PBXBuildFile; fileRef = EE89CE9C0E618B2C0016A781 /* Star_list_active.png */; };
		EE8E56750E6CA69600928D90 /* ElevatedBar.png in Resources */ = {isa = PBXBuildFile; fileRef = EE8E56740E6CA69600928D90 /* ElevatedBar.png */; };
		EEAB00FA0E2E2F3E00D84A8A /* Info.txt in Resources */ = {isa = PBXBuildFile; fileRef = EEAB00F90E2E2F3E00D84A8A /* Info.txt */; };
		EEC2A6A511CE6A3C009C9486 /* Icon~iPad.png in Resources */ = {isa = PBXBuildFile; fileRef = EEC2A6A311CE6A3C009C9486 /* Icon~iPad.png */; };
		EEC2A6A611CE6A3C009C9486 /* Icon@2x.png in Resources */ = {isa = PBXBuildFile; fileRef = EEC2A6A411CE6A3C009C9486 /* Icon@2x.png */; };
		EEC2A6A811CE6A51009C9486 /* Eponyms@2x.png in Resources */ = {isa = PBXBuildFile; fileRef = EEC2A6A711CE6A51009C9486 /* Eponyms@2x.png */; };
		EEC2A6AB11CE6A5F009C9486 /* Icon-student@2x.png in Resources */ = {isa = PBXBuildFile; fileRef = EEC2A6A911CE6A5F009C9486 /* Icon-student@2x.png */; };
		EEC2A6AC11CE6A5F009C9486 /* Icon-student~iPad.png in Resources */ = {isa = PBXBuildFile; fileRef = EEC2A6AA11CE6A5F009C9486 /* Icon-student~iPad.png */; };
		EEC2A6AE11CE6A6A009C9486 /* Eponyms@2x.png in Resources */ = {isa = PBXBuildFile; fileRef = EEC2A6AD11CE6A6A009C9486 /* Eponyms@2x.png */; };
		EEC2A6B311CE6B21009C9486 /* Badge_new_eponyms@2x.png in Resources */ = {isa = PBXBuildFile; fileRef = EEC2A6AF11CE6B21009C9486 /* Badge_new_eponyms@2x.png */; };
		EEC2A6B411CE6B21009C9486 /* Star_eponym_active@2x.png in Resources */ = {isa = PBXBuildFile; fileRef = EEC2A6B011CE6B21009C9486 /* Star_eponym_active@2x.png */; };
		EEC2A6B511CE6B21009C9486 /* Star_eponym_inactive@2x.png in Resources */ = {isa = PBXBuildFile; fileRef = EEC2A6B111CE6B21009C9486 /* Star_eponym_inactive@2x.png */; };
		EEC2A6B611CE6B21009C9486 /* Star_list_active@2x.png in Resources */ = {isa = PBXBuildFile; fileRef = EEC2A6B211CE6B21009C9486 /* Star_list_active@2x.png */; };
		EEC2A6B711CE6B21009C9486 /* Badge_new_eponyms@2x.png in Resources */ = {isa = PBXBuildFile; fileRef = EEC2A6AF11CE6B21009C9486 /* Badge_new_eponyms@2x.png */; };
		EEC2A6B811CE6B21009C9486 /* Star_eponym_active@2x.png in Resources */ = {isa = PBXBuildFile; fileRef = EEC2A6B011CE6B21009C9486 /* Star_eponym_active@2x.png */; };
		EEC2A6B911CE6B21009C9486 /* Star_eponym_inactive@2x.png in Resources */ = {isa = PBXBuildFile; fileRef = EEC2A6B111CE6B21009C9486 /* Star_eponym_inactive@2x.png */; };
		EEC2A6BA11CE6B21009C9486 /* Star_list_active@2x.png in Resources */ = {isa = PBXBuildFile; fileRef = EEC2A6B211CE6B21009C9486 /* Star_list_active@2x.png */; };
		EEC2A6C111CE6C3A009C9486 /* PPSplitViewController.m in Sources */ = {isa = PBXBuildFile; fileRef = EEC2A6C011CE6C3A009C9486 /* PPSplitViewController.m */; };
		EEC2A6C211CE6C3A009C9486 /* PPSplitViewController.m in Sources */ = {isa = PBXBuildFile; fileRef = EEC2A6C011CE6C3A009C9486 /* PPSplitViewController.m */; };
		EEC2A6C511CE6C47009C9486 /* MCViewController.m in Sources */ = {isa = PBXBuildFile; fileRef = EEC2A6C411CE6C47009C9486 /* MCViewController.m */; };
		EEC2A6C611CE6C47009C9486 /* MCViewController.m in Sources */ = {isa = PBXBuildFile; fileRef = EEC2A6C411CE6C47009C9486 /* MCViewController.m */; };
		EEC2A6C911CE6C4F009C9486 /* MCTableViewController.m in Sources */ = {isa = PBXBuildFile; fileRef = EEC2A6C811CE6C4F009C9486 /* MCTableViewController.m */; };
		EEC2A6CA11CE6C4F009C9486 /* MCTableViewController.m in Sources */ = {isa = PBXBuildFile; fileRef = EEC2A6C811CE6C4F009C9486 /* MCTableViewController.m */; };
		EEC2A6FA11CE6E12009C9486 /* MCViewAnimations.m in Sources */ = {isa = PBXBuildFile; fileRef = EEC2A6F911CE6E12009C9486 /* MCViewAnimations.m */; };
		EEC2A6FB11CE6E12009C9486 /* MCViewAnimations.m in Sources */ = {isa = PBXBuildFile; fileRef = EEC2A6F911CE6E12009C9486 /* MCViewAnimations.m */; };
		EEC2A70811CE6E37009C9486 /* UIViewController+PPSubclassing.m in Sources */ = {isa = PBXBuildFile; fileRef = EEC2A70711CE6E37009C9486 /* UIViewController+PPSubclassing.m */; };
		EEC2A70911CE6E37009C9486 /* UIViewController+PPSubclassing.m in Sources */ = {isa = PBXBuildFile; fileRef = EEC2A70711CE6E37009C9486 /* UIViewController+PPSubclassing.m */; };
		EEC2A70D11CE6E8A009C9486 /* QuartzCore.framework in Frameworks */ = {isa = PBXBuildFile; fileRef = EEC2A70C11CE6E8A009C9486 /* QuartzCore.framework */; };
		EEC2A96B11CEC5A6009C9486 /* UIView+shadowBug.m in Sources */ = {isa = PBXBuildFile; fileRef = EEC2A96A11CEC5A6009C9486 /* UIView+shadowBug.m */; };
		EEC2A96C11CEC5A6009C9486 /* UIView+shadowBug.m in Sources */ = {isa = PBXBuildFile; fileRef = EEC2A96A11CEC5A6009C9486 /* UIView+shadowBug.m */; };
		EECD008410A0DAAE002B06C6 /* PPHintableLabel.m in Sources */ = {isa = PBXBuildFile; fileRef = EECD008310A0DAAE002B06C6 /* PPHintableLabel.m */; };
		EECD008910A0DAC1002B06C6 /* PPHintView.m in Sources */ = {isa = PBXBuildFile; fileRef = EECD008610A0DAC1002B06C6 /* PPHintView.m */; };
		EECD008A10A0DAC1002B06C6 /* PPHintViewContainer.m in Sources */ = {isa = PBXBuildFile; fileRef = EECD008810A0DAC1002B06C6 /* PPHintViewContainer.m */; };
		EECD015610A0EC95002B06C6 /* PPHintViewContainer.m in Sources */ = {isa = PBXBuildFile; fileRef = EECD008810A0DAC1002B06C6 /* PPHintViewContainer.m */; };
		EECD015710A0EC95002B06C6 /* PPHintableLabel.m in Sources */ = {isa = PBXBuildFile; fileRef = EECD008310A0DAAE002B06C6 /* PPHintableLabel.m */; };
		EECD015810A0EC95002B06C6 /* PPHintView.m in Sources */ = {isa = PBXBuildFile; fileRef = EECD008610A0DAC1002B06C6 /* PPHintView.m */; };
		EED69F830E2BF41900BEF0C4 /* CoreGraphics.framework in Frameworks */ = {isa = PBXBuildFile; fileRef = EED69F820E2BF41900BEF0C4 /* CoreGraphics.framework */; };
		EEDB74DE10B89A76007782DA /* Eponyms.png in Resources */ = {isa = PBXBuildFile; fileRef = EEDB74DD10B89A76007782DA /* Eponyms.png */; };
		EEDB74ED10B89AF7007782DA /* Default.png in Resources */ = {isa = PBXBuildFile; fileRef = EEDB74EC10B89AF7007782DA /* Default.png */; };
		EEF9F2940EA74928002F024E /* Entitlements.plist in Resources */ = {isa = PBXBuildFile; fileRef = EEF9F2930EA74928002F024E /* Entitlements.plist */; };
/* End PBXBuildFile section */

/* Begin PBXFileReference section */
		1D30AB110D05D00D00671497 /* Foundation.framework */ = {isa = PBXFileReference; lastKnownFileType = wrapper.framework; name = Foundation.framework; path = System/Library/Frameworks/Foundation.framework; sourceTree = SDKROOT; };
		1D3623240D0F684500981E51 /* eponyms_touchAppDelegate.h */ = {isa = PBXFileReference; fileEncoding = 4; lastKnownFileType = sourcecode.c.h; name = eponyms_touchAppDelegate.h; path = Classes/eponyms_touchAppDelegate.h; sourceTree = "<group>"; };
		1D3623250D0F684500981E51 /* eponyms_touchAppDelegate.m */ = {isa = PBXFileReference; fileEncoding = 4; lastKnownFileType = sourcecode.c.objc; name = eponyms_touchAppDelegate.m; path = Classes/eponyms_touchAppDelegate.m; sourceTree = "<group>"; xcLanguageSpecificationIdentifier = xcode.lang.objc; };
		1D6058910D05DD3D006BFB54 /* eponyms-touch.app */ = {isa = PBXFileReference; explicitFileType = wrapper.application; includeInIndex = 0; path = "eponyms-touch.app"; sourceTree = BUILT_PRODUCTS_DIR; };
		1DF5F4DF0D08C38300B7A737 /* UIKit.framework */ = {isa = PBXFileReference; lastKnownFileType = wrapper.framework; name = UIKit.framework; path = System/Library/Frameworks/UIKit.framework; sourceTree = SDKROOT; };
		28AD733E0D9D9553002E5188 /* MainWindow.xib */ = {isa = PBXFileReference; lastKnownFileType = file.xib; path = MainWindow.xib; sourceTree = "<group>"; };
		29B97316FDCFA39411CA2CEA /* main.m */ = {isa = PBXFileReference; fileEncoding = 4; lastKnownFileType = sourcecode.c.objc; path = main.m; sourceTree = "<group>"; };
		32CA4F630368D1EE00C91783 /* eponyms_touch_Prefix.pch */ = {isa = PBXFileReference; fileEncoding = 4; lastKnownFileType = sourcecode.c.h; path = eponyms_touch_Prefix.pch; sourceTree = "<group>"; };
		8D1107310486CEB800E47090 /* Info.plist */ = {isa = PBXFileReference; fileEncoding = 4; lastKnownFileType = text.plist.xml; path = Info.plist; sourceTree = "<group>"; };
		EE01C9C90E61CEF00050376E /* TouchTableViewDelegate.h */ = {isa = PBXFileReference; fileEncoding = 4; lastKnownFileType = sourcecode.c.h; path = TouchTableViewDelegate.h; sourceTree = "<group>"; };
		EE14428E0E236E10003EA64C /* InfoView.xib */ = {isa = PBXFileReference; lastKnownFileType = file.xib; path = InfoView.xib; sourceTree = "<group>"; };
		EE1443E80E23A576003EA64C /* EponymUpdater.h */ = {isa = PBXFileReference; fileEncoding = 4; lastKnownFileType = sourcecode.c.h; path = EponymUpdater.h; sourceTree = "<group>"; };
		EE1443E90E23A576003EA64C /* EponymUpdater.m */ = {isa = PBXFileReference; fileEncoding = 4; lastKnownFileType = sourcecode.c.objc; path = EponymUpdater.m; sourceTree = "<group>"; };
		EE2338C2120764DD007A58FF /* AVFoundation.framework */ = {isa = PBXFileReference; lastKnownFileType = wrapper.framework; name = AVFoundation.framework; path = System/Library/Frameworks/AVFoundation.framework; sourceTree = SDKROOT; };
		EE2338C6120764E9007A58FF /* SystemConfiguration.framework */ = {isa = PBXFileReference; lastKnownFileType = wrapper.framework; name = SystemConfiguration.framework; path = System/Library/Frameworks/SystemConfiguration.framework; sourceTree = SDKROOT; };
		EE2DE6B40E1AE31800D97653 /* Eponyms.png */ = {isa = PBXFileReference; lastKnownFileType = image.png; path = Eponyms.png; sourceTree = "<group>"; };
		EE2DE6B80E1AE38200D97653 /* InfoViewController.h */ = {isa = PBXFileReference; fileEncoding = 4; lastKnownFileType = sourcecode.c.h; name = InfoViewController.h; path = ../InfoViewController.h; sourceTree = "<group>"; };
		EE2DE6B90E1AE38200D97653 /* InfoViewController.m */ = {isa = PBXFileReference; fileEncoding = 4; lastKnownFileType = sourcecode.c.objc; name = InfoViewController.m; path = ../InfoViewController.m; sourceTree = "<group>"; };
		EE2DE74C0E1C297200D97653 /* ListViewController.h */ = {isa = PBXFileReference; fileEncoding = 4; lastKnownFileType = sourcecode.c.h; path = ListViewController.h; sourceTree = "<group>"; };
		EE2DE74D0E1C297200D97653 /* ListViewController.m */ = {isa = PBXFileReference; fileEncoding = 4; lastKnownFileType = sourcecode.c.objc; path = ListViewController.m; sourceTree = "<group>"; };
		EE2DE7510E1C297F00D97653 /* EponymViewController.h */ = {isa = PBXFileReference; fileEncoding = 4; lastKnownFileType = sourcecode.c.h; path = EponymViewController.h; sourceTree = "<group>"; };
		EE2DE7520E1C297F00D97653 /* EponymViewController.m */ = {isa = PBXFileReference; fileEncoding = 4; lastKnownFileType = sourcecode.c.objc; path = EponymViewController.m; sourceTree = "<group>"; };
		EE2DE7AA0E1C2F7A00D97653 /* CategoriesViewController.h */ = {isa = PBXFileReference; fileEncoding = 4; lastKnownFileType = sourcecode.c.h; path = CategoriesViewController.h; sourceTree = "<group>"; };
		EE2DE7AB0E1C2F7A00D97653 /* CategoriesViewController.m */ = {isa = PBXFileReference; fileEncoding = 4; lastKnownFileType = sourcecode.c.objc; path = CategoriesViewController.m; sourceTree = "<group>"; };
		EE2DE9DC0E2125C700D97653 /* Eponym.h */ = {isa = PBXFileReference; fileEncoding = 4; lastKnownFileType = sourcecode.c.h; path = Eponym.h; sourceTree = "<group>"; };
		EE2DE9DD0E2125C700D97653 /* Eponym.m */ = {isa = PBXFileReference; fileEncoding = 4; lastKnownFileType = sourcecode.c.objc; path = Eponym.m; sourceTree = "<group>"; };
		EE2DEDF90E229B9B00D97653 /* Icon.png */ = {isa = PBXFileReference; lastKnownFileType = image.png; path = Icon.png; sourceTree = "<group>"; };
		EE2DEDFE0E229DB700D97653 /* Default.png */ = {isa = PBXFileReference; lastKnownFileType = image.png; path = Default.png; sourceTree = "<group>"; };
		EE380FA50E97B3180066BA6E /* eponyms_info.xml */ = {isa = PBXFileReference; fileEncoding = 4; lastKnownFileType = text.xml; path = eponyms_info.xml; sourceTree = "<group>"; };
		EE38197911CFD83000DB14D9 /* SQLiteAccessors.h */ = {isa = PBXFileReference; fileEncoding = 4; lastKnownFileType = sourcecode.c.h; path = SQLiteAccessors.h; sourceTree = "<group>"; };
		EE38197A11CFD83000DB14D9 /* SQLiteAccessors.c */ = {isa = PBXFileReference; fileEncoding = 4; lastKnownFileType = sourcecode.c.c; path = SQLiteAccessors.c; sourceTree = "<group>"; };
		EE3819F111CFDF2A00DB14D9 /* create_database.sh */ = {isa = PBXFileReference; fileEncoding = 4; lastKnownFileType = text.script.sh; path = create_database.sh; sourceTree = "<group>"; };
		EE3819F211CFE02100DB14D9 /* eponyms.sqlite */ = {isa = PBXFileReference; lastKnownFileType = file; path = eponyms.sqlite; sourceTree = "<group>"; };
		EE381BD611CFEFBD00DB14D9 /* MainWindow-iPad.xib */ = {isa = PBXFileReference; lastKnownFileType = file.xib; name = "MainWindow-iPad.xib"; path = "Resources-iPad/MainWindow-iPad.xib"; sourceTree = "<group>"; };
		EE381BED11CFF14000DB14D9 /* InfoView-iPad.xib */ = {isa = PBXFileReference; lastKnownFileType = file.xib; name = "InfoView-iPad.xib"; path = "Resources-iPad/InfoView-iPad.xib"; sourceTree = "<group>"; };
		EE3BC3C00E6ACEBF0051B69D /* Badge_new_eponyms.png */ = {isa = PBXFileReference; lastKnownFileType = image.png; path = Badge_new_eponyms.png; sourceTree = "<group>"; };
		EE3BC4420E6ADECB0051B69D /* InfoBackground.png */ = {isa = PBXFileReference; lastKnownFileType = image.png; path = InfoBackground.png; sourceTree = "<group>"; };
		EE4B74E90E2EB35500F7B157 /* NOTICE.txt */ = {isa = PBXFileReference; fileEncoding = 4; lastKnownFileType = text; path = NOTICE.txt; sourceTree = "<group>"; };
		EE4B74EF0E2EB53800F7B157 /* LICENSE.txt */ = {isa = PBXFileReference; fileEncoding = 4; lastKnownFileType = text; path = LICENSE.txt; sourceTree = "<group>"; };
		EE53731F11D0294E004F030E /* Default-Landscape.png */ = {isa = PBXFileReference; lastKnownFileType = image.png; path = "Default-Landscape.png"; sourceTree = "<group>"; };
		EE53732011D0294E004F030E /* Default-Portrait.png */ = {isa = PBXFileReference; lastKnownFileType = image.png; path = "Default-Portrait.png"; sourceTree = "<group>"; };
		EE53732311D02A07004F030E /* Eponyms_bglogo.png */ = {isa = PBXFileReference; lastKnownFileType = image.png; path = Eponyms_bglogo.png; sourceTree = "<group>"; };
		EE563845109DFAAE00D6C4E6 /* GADAdSenseParameters.h */ = {isa = PBXFileReference; fileEncoding = 4; lastKnownFileType = sourcecode.c.h; path = GADAdSenseParameters.h; sourceTree = "<group>"; };
		EE563846109DFAAE00D6C4E6 /* GADAdViewController.h */ = {isa = PBXFileReference; fileEncoding = 4; lastKnownFileType = sourcecode.c.h; path = GADAdViewController.h; sourceTree = "<group>"; };
		EE563847109DFAAE00D6C4E6 /* libGoogleAds.a */ = {isa = PBXFileReference; lastKnownFileType = archive.ar; path = libGoogleAds.a; sourceTree = "<group>"; };
		EE563884109DFB1D00D6C4E6 /* eponyms-student.app */ = {isa = PBXFileReference; explicitFileType = wrapper.application; includeInIndex = 0; path = "eponyms-student.app"; sourceTree = BUILT_PRODUCTS_DIR; };
		EE56388D109DFC0C00D6C4E6 /* Info-student.plist */ = {isa = PBXFileReference; fileEncoding = 4; lastKnownFileType = text.plist.xml; path = "Info-student.plist"; sourceTree = "<group>"; };
		EE56393E109E186200D6C4E6 /* MCTextView.h */ = {isa = PBXFileReference; fileEncoding = 4; lastKnownFileType = sourcecode.c.h; path = MCTextView.h; sourceTree = "<group>"; };
		EE56393F109E186200D6C4E6 /* MCTextView.m */ = {isa = PBXFileReference; fileEncoding = 4; lastKnownFileType = sourcecode.c.objc; path = MCTextView.m; sourceTree = "<group>"; };
		EE5A6C7E10B831840092053C /* Icon-student.png */ = {isa = PBXFileReference; lastKnownFileType = image.png; path = "Icon-student.png"; sourceTree = "<group>"; };
		EE5BD32611D9173B00964E25 /* sqlite3_unicode.h */ = {isa = PBXFileReference; fileEncoding = 4; lastKnownFileType = sourcecode.c.h; path = sqlite3_unicode.h; sourceTree = "<group>"; };
		EE5BD32711D9173B00964E25 /* sqlite3_unicode.c */ = {isa = PBXFileReference; fileEncoding = 4; lastKnownFileType = sourcecode.c.c; path = sqlite3_unicode.c; sourceTree = "<group>"; };
		EE5BD33E11D917B500964E25 /* libsqlite3.dylib */ = {isa = PBXFileReference; lastKnownFileType = "compiled.mach-o.dylib"; name = libsqlite3.dylib; path = usr/lib/libsqlite3.dylib; sourceTree = SDKROOT; };
		EE5BD3A611D930F500964E25 /* RoundedButton.png */ = {isa = PBXFileReference; lastKnownFileType = image.png; path = RoundedButton.png; sourceTree = "<group>"; };
		EE5BD3AD11D9330900964E25 /* RoundedButtonBlue.png */ = {isa = PBXFileReference; lastKnownFileType = image.png; path = RoundedButtonBlue.png; sourceTree = "<group>"; };
		EE5BD49411D9503900964E25 /* RoundedButtonBlue@2x.png */ = {isa = PBXFileReference; lastKnownFileType = image.png; path = "RoundedButtonBlue@2x.png"; sourceTree = "<group>"; };
		EE5BD49711D9503E00964E25 /* RoundedButton@2x.png */ = {isa = PBXFileReference; lastKnownFileType = image.png; path = "RoundedButton@2x.png"; sourceTree = "<group>"; };
		EE5BD4CF11D95E7700964E25 /* Default@2x.png */ = {isa = PBXFileReference; lastKnownFileType = image.png; path = "Default@2x.png"; sourceTree = "<group>"; };
		EE64C7BF0E2680D40000BC8D /* eponyms.xml */ = {isa = PBXFileReference; fileEncoding = 4; lastKnownFileType = text.xml; path = eponyms.xml; sourceTree = "<group>"; };
		EE66414D0E62A2220047D7ED /* Star_eponym_active.png */ = {isa = PBXFileReference; lastKnownFileType = image.png; path = Star_eponym_active.png; sourceTree = "<group>"; };
		EE66414E0E62A2220047D7ED /* Star_eponym_inactive.png */ = {isa = PBXFileReference; lastKnownFileType = image.png; path = Star_eponym_inactive.png; sourceTree = "<group>"; };
		EE664ED112077E630070BA19 /* Default@2x.png */ = {isa = PBXFileReference; lastKnownFileType = image.png; path = "Default@2x.png"; sourceTree = "<group>"; };
		EE664EE5120780990070BA19 /* Default-Landscape.png */ = {isa = PBXFileReference; lastKnownFileType = image.png; path = "Default-Landscape.png"; sourceTree = "<group>"; };
		EE664EE6120780990070BA19 /* Default-Portrait.png */ = {isa = PBXFileReference; lastKnownFileType = image.png; path = "Default-Portrait.png"; sourceTree = "<group>"; };
		EE664EED120780B40070BA19 /* Eponyms_bglogo.png */ = {isa = PBXFileReference; lastKnownFileType = image.png; path = Eponyms_bglogo.png; sourceTree = "<group>"; };
		EE89C9E70E6058A60016A781 /* EponymCategory.h */ = {isa = PBXFileReference; fileEncoding = 4; lastKnownFileType = sourcecode.c.h; path = EponymCategory.h; sourceTree = "<group>"; };
		EE89C9FF0E6059280016A781 /* EponymCategory.m */ = {isa = PBXFileReference; fileEncoding = 4; lastKnownFileType = sourcecode.c.objc; path = EponymCategory.m; sourceTree = "<group>"; };
		EE89CD5D0E6170EE0016A781 /* TouchTableView.h */ = {isa = PBXFileReference; fileEncoding = 4; lastKnownFileType = sourcecode.c.h; path = TouchTableView.h; sourceTree = "<group>"; };
		EE89CD5E0E6170EE0016A781 /* TouchTableView.m */ = {isa = PBXFileReference; fileEncoding = 4; lastKnownFileType = sourcecode.c.objc; path = TouchTableView.m; sourceTree = "<group>"; };
		EE89CE9C0E618B2C0016A781 /* Star_list_active.png */ = {isa = PBXFileReference; lastKnownFileType = image.png; path = Star_list_active.png; sourceTree = "<group>"; };
		EE8E56740E6CA69600928D90 /* ElevatedBar.png */ = {isa = PBXFileReference; lastKnownFileType = image.png; path = ElevatedBar.png; sourceTree = "<group>"; };
		EEAB00F90E2E2F3E00D84A8A /* Info.txt */ = {isa = PBXFileReference; fileEncoding = 4; lastKnownFileType = text; path = Info.txt; sourceTree = "<group>"; };
		EEBA8F120E66E727002D6DDC /* EponymUpdaterDelegate.h */ = {isa = PBXFileReference; fileEncoding = 4; lastKnownFileType = sourcecode.c.h; path = EponymUpdaterDelegate.h; sourceTree = "<group>"; };
		EEC2A6A311CE6A3C009C9486 /* Icon~iPad.png */ = {isa = PBXFileReference; lastKnownFileType = image.png; path = "Icon~iPad.png"; sourceTree = "<group>"; };
		EEC2A6A411CE6A3C009C9486 /* Icon@2x.png */ = {isa = PBXFileReference; lastKnownFileType = image.png; path = "Icon@2x.png"; sourceTree = "<group>"; };
		EEC2A6A711CE6A51009C9486 /* Eponyms@2x.png */ = {isa = PBXFileReference; lastKnownFileType = image.png; path = "Eponyms@2x.png"; sourceTree = "<group>"; };
		EEC2A6A911CE6A5F009C9486 /* Icon-student@2x.png */ = {isa = PBXFileReference; lastKnownFileType = image.png; path = "Icon-student@2x.png"; sourceTree = "<group>"; };
		EEC2A6AA11CE6A5F009C9486 /* Icon-student~iPad.png */ = {isa = PBXFileReference; lastKnownFileType = image.png; path = "Icon-student~iPad.png"; sourceTree = "<group>"; };
		EEC2A6AD11CE6A6A009C9486 /* Eponyms@2x.png */ = {isa = PBXFileReference; lastKnownFileType = image.png; path = "Eponyms@2x.png"; sourceTree = "<group>"; };
		EEC2A6AF11CE6B21009C9486 /* Badge_new_eponyms@2x.png */ = {isa = PBXFileReference; lastKnownFileType = image.png; path = "Badge_new_eponyms@2x.png"; sourceTree = "<group>"; };
		EEC2A6B011CE6B21009C9486 /* Star_eponym_active@2x.png */ = {isa = PBXFileReference; lastKnownFileType = image.png; path = "Star_eponym_active@2x.png"; sourceTree = "<group>"; };
		EEC2A6B111CE6B21009C9486 /* Star_eponym_inactive@2x.png */ = {isa = PBXFileReference; lastKnownFileType = image.png; path = "Star_eponym_inactive@2x.png"; sourceTree = "<group>"; };
		EEC2A6B211CE6B21009C9486 /* Star_list_active@2x.png */ = {isa = PBXFileReference; lastKnownFileType = image.png; path = "Star_list_active@2x.png"; sourceTree = "<group>"; };
		EEC2A6BF11CE6C3A009C9486 /* PPSplitViewController.h */ = {isa = PBXFileReference; fileEncoding = 4; lastKnownFileType = sourcecode.c.h; path = PPSplitViewController.h; sourceTree = "<group>"; };
		EEC2A6C011CE6C3A009C9486 /* PPSplitViewController.m */ = {isa = PBXFileReference; fileEncoding = 4; lastKnownFileType = sourcecode.c.objc; path = PPSplitViewController.m; sourceTree = "<group>"; };
		EEC2A6C311CE6C47009C9486 /* MCViewController.h */ = {isa = PBXFileReference; fileEncoding = 4; lastKnownFileType = sourcecode.c.h; path = MCViewController.h; sourceTree = "<group>"; };
		EEC2A6C411CE6C47009C9486 /* MCViewController.m */ = {isa = PBXFileReference; fileEncoding = 4; lastKnownFileType = sourcecode.c.objc; path = MCViewController.m; sourceTree = "<group>"; };
		EEC2A6C711CE6C4F009C9486 /* MCTableViewController.h */ = {isa = PBXFileReference; fileEncoding = 4; lastKnownFileType = sourcecode.c.h; path = MCTableViewController.h; sourceTree = "<group>"; };
		EEC2A6C811CE6C4F009C9486 /* MCTableViewController.m */ = {isa = PBXFileReference; fileEncoding = 4; lastKnownFileType = sourcecode.c.objc; path = MCTableViewController.m; sourceTree = "<group>"; };
		EEC2A6F811CE6E12009C9486 /* MCViewAnimations.h */ = {isa = PBXFileReference; fileEncoding = 4; lastKnownFileType = sourcecode.c.h; path = MCViewAnimations.h; sourceTree = "<group>"; };
		EEC2A6F911CE6E12009C9486 /* MCViewAnimations.m */ = {isa = PBXFileReference; fileEncoding = 4; lastKnownFileType = sourcecode.c.objc; path = MCViewAnimations.m; sourceTree = "<group>"; };
		EEC2A70611CE6E37009C9486 /* UIViewController+PPSubclassing.h */ = {isa = PBXFileReference; fileEncoding = 4; lastKnownFileType = sourcecode.c.h; path = "UIViewController+PPSubclassing.h"; sourceTree = "<group>"; };
		EEC2A70711CE6E37009C9486 /* UIViewController+PPSubclassing.m */ = {isa = PBXFileReference; fileEncoding = 4; lastKnownFileType = sourcecode.c.objc; path = "UIViewController+PPSubclassing.m"; sourceTree = "<group>"; };
		EEC2A70C11CE6E8A009C9486 /* QuartzCore.framework */ = {isa = PBXFileReference; lastKnownFileType = wrapper.framework; name = QuartzCore.framework; path = System/Library/Frameworks/QuartzCore.framework; sourceTree = SDKROOT; };
		EEC2A94E11CEC559009C9486 /* GADRequestError.h */ = {isa = PBXFileReference; fileEncoding = 4; lastKnownFileType = sourcecode.c.h; path = GADRequestError.h; sourceTree = "<group>"; };
		EEC2A96911CEC5A6009C9486 /* UIView+shadowBug.h */ = {isa = PBXFileReference; fileEncoding = 4; lastKnownFileType = sourcecode.c.h; path = "UIView+shadowBug.h"; sourceTree = "<group>"; };
		EEC2A96A11CEC5A6009C9486 /* UIView+shadowBug.m */ = {isa = PBXFileReference; fileEncoding = 4; lastKnownFileType = sourcecode.c.objc; path = "UIView+shadowBug.m"; sourceTree = "<group>"; };
		EECD008210A0DAAE002B06C6 /* PPHintableLabel.h */ = {isa = PBXFileReference; fileEncoding = 4; lastKnownFileType = sourcecode.c.h; path = PPHintableLabel.h; sourceTree = "<group>"; };
		EECD008310A0DAAE002B06C6 /* PPHintableLabel.m */ = {isa = PBXFileReference; fileEncoding = 4; lastKnownFileType = sourcecode.c.objc; path = PPHintableLabel.m; sourceTree = "<group>"; };
		EECD008510A0DAC1002B06C6 /* PPHintView.h */ = {isa = PBXFileReference; fileEncoding = 4; lastKnownFileType = sourcecode.c.h; path = PPHintView.h; sourceTree = "<group>"; };
		EECD008610A0DAC1002B06C6 /* PPHintView.m */ = {isa = PBXFileReference; fileEncoding = 4; lastKnownFileType = sourcecode.c.objc; path = PPHintView.m; sourceTree = "<group>"; };
		EECD008710A0DAC1002B06C6 /* PPHintViewContainer.h */ = {isa = PBXFileReference; fileEncoding = 4; lastKnownFileType = sourcecode.c.h; path = PPHintViewContainer.h; sourceTree = "<group>"; };
		EECD008810A0DAC1002B06C6 /* PPHintViewContainer.m */ = {isa = PBXFileReference; fileEncoding = 4; lastKnownFileType = sourcecode.c.objc; path = PPHintViewContainer.m; sourceTree = "<group>"; };
		EED69F820E2BF41900BEF0C4 /* CoreGraphics.framework */ = {isa = PBXFileReference; lastKnownFileType = wrapper.framework; name = CoreGraphics.framework; path = System/Library/Frameworks/CoreGraphics.framework; sourceTree = SDKROOT; };
		EEDB74DD10B89A76007782DA /* Eponyms.png */ = {isa = PBXFileReference; lastKnownFileType = image.png; path = Eponyms.png; sourceTree = "<group>"; };
		EEDB74EC10B89AF7007782DA /* Default.png */ = {isa = PBXFileReference; lastKnownFileType = image.png; path = Default.png; sourceTree = "<group>"; };
		EEF9F2930EA74928002F024E /* Entitlements.plist */ = {isa = PBXFileReference; fileEncoding = 4; lastKnownFileType = text.plist.xml; path = Entitlements.plist; sourceTree = "<group>"; };
		EEFA119210A38F3D0041A4D7 /* GoogleAdSenseClient.h */ = {isa = PBXFileReference; fileEncoding = 4; lastKnownFileType = sourcecode.c.h; path = GoogleAdSenseClient.h; sourceTree = "<group>"; };
/* End PBXFileReference section */

/* Begin PBXFrameworksBuildPhase section */
		1D60588F0D05DD3D006BFB54 /* Frameworks */ = {
			isa = PBXFrameworksBuildPhase;
			buildActionMask = 2147483647;
			files = (
				1D60589F0D05DD5A006BFB54 /* Foundation.framework in Frameworks */,
				1DF5F4E00D08C38300B7A737 /* UIKit.framework in Frameworks */,
				EED69F830E2BF41900BEF0C4 /* CoreGraphics.framework in Frameworks */,
				EEC2A70D11CE6E8A009C9486 /* QuartzCore.framework in Frameworks */,
				EE5BD33F11D917B500964E25 /* libsqlite3.dylib in Frameworks */,
			);
			runOnlyForDeploymentPostprocessing = 0;
		};
		EE563879109DFB1D00D6C4E6 /* Frameworks */ = {
			isa = PBXFrameworksBuildPhase;
			buildActionMask = 2147483647;
			files = (
				EE56387B109DFB1D00D6C4E6 /* Foundation.framework in Frameworks */,
				EE56387C109DFB1D00D6C4E6 /* UIKit.framework in Frameworks */,
				EE56387D109DFB1D00D6C4E6 /* CoreGraphics.framework in Frameworks */,
				EE2338BE120764B8007A58FF /* QuartzCore.framework in Frameworks */,
				EE2338731207646F007A58FF /* libsqlite3.dylib in Frameworks */,
				EE56387E109DFB1D00D6C4E6 /* libGoogleAds.a in Frameworks */,
				EE2338C3120764DD007A58FF /* AVFoundation.framework in Frameworks */,
				EE2338C7120764E9007A58FF /* SystemConfiguration.framework in Frameworks */,
			);
			runOnlyForDeploymentPostprocessing = 0;
		};
/* End PBXFrameworksBuildPhase section */

/* Begin PBXGroup section */
		080E96DDFE201D6D7F000001 /* Classes */ = {
			isa = PBXGroup;
			children = (
				EE89C9E70E6058A60016A781 /* EponymCategory.h */,
				EE89C9FF0E6059280016A781 /* EponymCategory.m */,
				EE2DE9DC0E2125C700D97653 /* Eponym.h */,
				EE2DE9DD0E2125C700D97653 /* Eponym.m */,
				EEBA8F120E66E727002D6DDC /* EponymUpdaterDelegate.h */,
				EE1443E80E23A576003EA64C /* EponymUpdater.h */,
				EE1443E90E23A576003EA64C /* EponymUpdater.m */,
			);
			path = Classes;
			sourceTree = "<group>";
		};
		19C28FACFE9D520D11CA2CBB /* Products */ = {
			isa = PBXGroup;
			children = (
				1D6058910D05DD3D006BFB54 /* eponyms-touch.app */,
				EE563884109DFB1D00D6C4E6 /* eponyms-student.app */,
			);
			name = Products;
			sourceTree = "<group>";
		};
		29B97314FDCFA39411CA2CEA /* CustomTemplate */ = {
			isa = PBXGroup;
			children = (
				1D3623240D0F684500981E51 /* eponyms_touchAppDelegate.h */,
				1D3623250D0F684500981E51 /* eponyms_touchAppDelegate.m */,
				EE5BD32611D9173B00964E25 /* sqlite3_unicode.h */,
				EE5BD32711D9173B00964E25 /* sqlite3_unicode.c */,
				080E96DDFE201D6D7F000001 /* Classes */,
				EE2DE7AD0E1C2F8600D97653 /* View Controllers */,
				EE89CD880E6174C00016A781 /* Subclasses */,
				EEC2A6FC11CE6E19009C9486 /* Helpers */,
				29B97315FDCFA39411CA2CEA /* Other Sources */,
				EE56383A109DFA7A00D6C4E6 /* GoogleAds */,
				EE2DE6B30E1AE30C00D97653 /* Images */,
				29B97317FDCFA39411CA2CEA /* Resources */,
				29B97323FDCFA39411CA2CEA /* Frameworks */,
				19C28FACFE9D520D11CA2CBB /* Products */,
			);
			name = CustomTemplate;
			sourceTree = "<group>";
		};
		29B97315FDCFA39411CA2CEA /* Other Sources */ = {
			isa = PBXGroup;
			children = (
				32CA4F630368D1EE00C91783 /* eponyms_touch_Prefix.pch */,
				29B97316FDCFA39411CA2CEA /* main.m */,
			);
			name = "Other Sources";
			sourceTree = "<group>";
		};
		29B97317FDCFA39411CA2CEA /* Resources */ = {
			isa = PBXGroup;
			children = (
				28AD733E0D9D9553002E5188 /* MainWindow.xib */,
				EE381BD611CFEFBD00DB14D9 /* MainWindow-iPad.xib */,
				EE14428E0E236E10003EA64C /* InfoView.xib */,
				EE381BED11CFF14000DB14D9 /* InfoView-iPad.xib */,
				8D1107310486CEB800E47090 /* Info.plist */,
				EE56388D109DFC0C00D6C4E6 /* Info-student.plist */,
				EE4B74EF0E2EB53800F7B157 /* LICENSE.txt */,
				EE4B74E90E2EB35500F7B157 /* NOTICE.txt */,
				EEAB00F90E2E2F3E00D84A8A /* Info.txt */,
				EE3819F111CFDF2A00DB14D9 /* create_database.sh */,
				EE3819F211CFE02100DB14D9 /* eponyms.sqlite */,
				EE64C7BF0E2680D40000BC8D /* eponyms.xml */,
				EE380FA50E97B3180066BA6E /* eponyms_info.xml */,
				EEF9F2930EA74928002F024E /* Entitlements.plist */,
			);
			name = Resources;
			sourceTree = "<group>";
		};
		29B97323FDCFA39411CA2CEA /* Frameworks */ = {
			isa = PBXGroup;
			children = (
				EED69F820E2BF41900BEF0C4 /* CoreGraphics.framework */,
				EEC2A70C11CE6E8A009C9486 /* QuartzCore.framework */,
				1DF5F4DF0D08C38300B7A737 /* UIKit.framework */,
				1D30AB110D05D00D00671497 /* Foundation.framework */,
				EE5BD33E11D917B500964E25 /* libsqlite3.dylib */,
				EE2338C2120764DD007A58FF /* AVFoundation.framework */,
				EE2338C6120764E9007A58FF /* SystemConfiguration.framework */,
			);
			name = Frameworks;
			sourceTree = "<group>";
		};
		EE2DE6B30E1AE30C00D97653 /* Images */ = {
			isa = PBXGroup;
			children = (
				EEDB74CB10B89953007782DA /* FullVersion */,
				EEDB74CA10B8994A007782DA /* StudentVersion */,
				EE3BC4420E6ADECB0051B69D /* InfoBackground.png */,
				EE3BC3C00E6ACEBF0051B69D /* Badge_new_eponyms.png */,
				EEC2A6AF11CE6B21009C9486 /* Badge_new_eponyms@2x.png */,
				EE66414D0E62A2220047D7ED /* Star_eponym_active.png */,
				EEC2A6B011CE6B21009C9486 /* Star_eponym_active@2x.png */,
				EE66414E0E62A2220047D7ED /* Star_eponym_inactive.png */,
				EEC2A6B111CE6B21009C9486 /* Star_eponym_inactive@2x.png */,
				EE89CE9C0E618B2C0016A781 /* Star_list_active.png */,
				EEC2A6B211CE6B21009C9486 /* Star_list_active@2x.png */,
				EE8E56740E6CA69600928D90 /* ElevatedBar.png */,
				EE5BD3A611D930F500964E25 /* RoundedButton.png */,
				EE5BD49711D9503E00964E25 /* RoundedButton@2x.png */,
				EE5BD3AD11D9330900964E25 /* RoundedButtonBlue.png */,
				EE5BD49411D9503900964E25 /* RoundedButtonBlue@2x.png */,
			);
			name = Images;
			sourceTree = "<group>";
		};
		EE2DE7AD0E1C2F8600D97653 /* View Controllers */ = {
			isa = PBXGroup;
			children = (
				EEC2A6C311CE6C47009C9486 /* MCViewController.h */,
				EEC2A6C411CE6C47009C9486 /* MCViewController.m */,
				EEC2A6C711CE6C4F009C9486 /* MCTableViewController.h */,
				EEC2A6C811CE6C4F009C9486 /* MCTableViewController.m */,
				EEC2A6BF11CE6C3A009C9486 /* PPSplitViewController.h */,
				EEC2A6C011CE6C3A009C9486 /* PPSplitViewController.m */,
				EE2DE7AA0E1C2F7A00D97653 /* CategoriesViewController.h */,
				EE2DE7AB0E1C2F7A00D97653 /* CategoriesViewController.m */,
				EE2DE74C0E1C297200D97653 /* ListViewController.h */,
				EE2DE74D0E1C297200D97653 /* ListViewController.m */,
				EE2DE7510E1C297F00D97653 /* EponymViewController.h */,
				EE2DE7520E1C297F00D97653 /* EponymViewController.m */,
				EE2DE6B80E1AE38200D97653 /* InfoViewController.h */,
				EE2DE6B90E1AE38200D97653 /* InfoViewController.m */,
			);
			name = "View Controllers";
			path = Classes;
			sourceTree = "<group>";
		};
		EE56383A109DFA7A00D6C4E6 /* GoogleAds */ = {
			isa = PBXGroup;
			children = (
				EEFA119210A38F3D0041A4D7 /* GoogleAdSenseClient.h */,
				EE563845109DFAAE00D6C4E6 /* GADAdSenseParameters.h */,
				EE563846109DFAAE00D6C4E6 /* GADAdViewController.h */,
				EEC2A94E11CEC559009C9486 /* GADRequestError.h */,
				EE563847109DFAAE00D6C4E6 /* libGoogleAds.a */,
			);
			path = GoogleAds;
			sourceTree = "<group>";
		};
		EE89CD880E6174C00016A781 /* Subclasses */ = {
			isa = PBXGroup;
			children = (
				EE01C9C90E61CEF00050376E /* TouchTableViewDelegate.h */,
				EE89CD5D0E6170EE0016A781 /* TouchTableView.h */,
				EE89CD5E0E6170EE0016A781 /* TouchTableView.m */,
				EE56393E109E186200D6C4E6 /* MCTextView.h */,
				EE56393F109E186200D6C4E6 /* MCTextView.m */,
				EECD008210A0DAAE002B06C6 /* PPHintableLabel.h */,
				EECD008310A0DAAE002B06C6 /* PPHintableLabel.m */,
				EECD008510A0DAC1002B06C6 /* PPHintView.h */,
				EECD008610A0DAC1002B06C6 /* PPHintView.m */,
				EECD008710A0DAC1002B06C6 /* PPHintViewContainer.h */,
				EECD008810A0DAC1002B06C6 /* PPHintViewContainer.m */,
			);
			name = Subclasses;
			path = Classes;
			sourceTree = "<group>";
		};
		EEC2A6FC11CE6E19009C9486 /* Helpers */ = {
			isa = PBXGroup;
			children = (
				EEC2A6F811CE6E12009C9486 /* MCViewAnimations.h */,
				EEC2A6F911CE6E12009C9486 /* MCViewAnimations.m */,
				EEC2A70611CE6E37009C9486 /* UIViewController+PPSubclassing.h */,
				EEC2A70711CE6E37009C9486 /* UIViewController+PPSubclassing.m */,
				EEC2A96911CEC5A6009C9486 /* UIView+shadowBug.h */,
				EEC2A96A11CEC5A6009C9486 /* UIView+shadowBug.m */,
				EE38197911CFD83000DB14D9 /* SQLiteAccessors.h */,
				EE38197A11CFD83000DB14D9 /* SQLiteAccessors.c */,
			);
			name = Helpers;
			path = Classes;
			sourceTree = "<group>";
		};
		EEDB74CA10B8994A007782DA /* StudentVersion */ = {
			isa = PBXGroup;
			children = (
				EEDB74EC10B89AF7007782DA /* Default.png */,
				EE664ED112077E630070BA19 /* Default@2x.png */,
				EE664EE5120780990070BA19 /* Default-Landscape.png */,
				EE664EE6120780990070BA19 /* Default-Portrait.png */,
				EE5A6C7E10B831840092053C /* Icon-student.png */,
				EEC2A6A911CE6A5F009C9486 /* Icon-student@2x.png */,
				EEC2A6AA11CE6A5F009C9486 /* Icon-student~iPad.png */,
				EE2DE6B40E1AE31800D97653 /* Eponyms.png */,
				EEC2A6AD11CE6A6A009C9486 /* Eponyms@2x.png */,
				EE664EED120780B40070BA19 /* Eponyms_bglogo.png */,
			);
			path = StudentVersion;
			sourceTree = "<group>";
		};
		EEDB74CB10B89953007782DA /* FullVersion */ = {
			isa = PBXGroup;
			children = (
				EE2DEDFE0E229DB700D97653 /* Default.png */,
				EE5BD4CF11D95E7700964E25 /* Default@2x.png */,
				EE53731F11D0294E004F030E /* Default-Landscape.png */,
				EE53732011D0294E004F030E /* Default-Portrait.png */,
				EE2DEDF90E229B9B00D97653 /* Icon.png */,
				EEC2A6A411CE6A3C009C9486 /* Icon@2x.png */,
				EEC2A6A311CE6A3C009C9486 /* Icon~iPad.png */,
				EEDB74DD10B89A76007782DA /* Eponyms.png */,
				EEC2A6A711CE6A51009C9486 /* Eponyms@2x.png */,
				EE53732311D02A07004F030E /* Eponyms_bglogo.png */,
			);
			path = FullVersion;
			sourceTree = "<group>";
		};
/* End PBXGroup section */

/* Begin PBXNativeTarget section */
		1D6058900D05DD3D006BFB54 /* eponyms-touch */ = {
			isa = PBXNativeTarget;
			buildConfigurationList = 1D6058960D05DD3E006BFB54 /* Build configuration list for PBXNativeTarget "eponyms-touch" */;
			buildPhases = (
				1D60588D0D05DD3D006BFB54 /* Resources */,
				1D60588E0D05DD3D006BFB54 /* Sources */,
				1D60588F0D05DD3D006BFB54 /* Frameworks */,
			);
			buildRules = (
			);
			dependencies = (
			);
			name = "eponyms-touch";
			productName = "eponyms-touch";
			productReference = 1D6058910D05DD3D006BFB54 /* eponyms-touch.app */;
			productType = "com.apple.product-type.application";
		};
		EE563857109DFB1D00D6C4E6 /* eponyms-student */ = {
			isa = PBXNativeTarget;
			buildConfigurationList = EE56387F109DFB1D00D6C4E6 /* Build configuration list for PBXNativeTarget "eponyms-student" */;
			buildPhases = (
				EE56385A109DFB1D00D6C4E6 /* Resources */,
				EE56386D109DFB1D00D6C4E6 /* Sources */,
				EE563879109DFB1D00D6C4E6 /* Frameworks */,
			);
			buildRules = (
			);
			dependencies = (
			);
			name = "eponyms-student";
			productName = "eponyms-touch";
			productReference = EE563884109DFB1D00D6C4E6 /* eponyms-student.app */;
			productType = "com.apple.product-type.application";
		};
/* End PBXNativeTarget section */

/* Begin PBXProject section */
		29B97313FDCFA39411CA2CEA /* Project object */ = {
			isa = PBXProject;
			buildConfigurationList = C01FCF4E08A954540054247B /* Build configuration list for PBXProject "eponyms-touch" */;
			compatibilityVersion = "Xcode 3.1";
			developmentRegion = English;
			hasScannedForEncodings = 1;
			knownRegions = (
				English,
				Japanese,
				French,
				German,
			);
			mainGroup = 29B97314FDCFA39411CA2CEA /* CustomTemplate */;
			projectDirPath = "";
			projectRoot = "";
			targets = (
				1D6058900D05DD3D006BFB54 /* eponyms-touch */,
				EE563857109DFB1D00D6C4E6 /* eponyms-student */,
			);
		};
/* End PBXProject section */

/* Begin PBXResourcesBuildPhase section */
		1D60588D0D05DD3D006BFB54 /* Resources */ = {
			isa = PBXResourcesBuildPhase;
			buildActionMask = 2147483647;
			files = (
				28AD733F0D9D9553002E5188 /* MainWindow.xib in Resources */,
				EE2DEDFA0E229B9B00D97653 /* Icon.png in Resources */,
				EE2DEDFF0E229DB700D97653 /* Default.png in Resources */,
				EE14428F0E236E10003EA64C /* InfoView.xib in Resources */,
				EE64C7C00E2680D40000BC8D /* eponyms.xml in Resources */,
				EEAB00FA0E2E2F3E00D84A8A /* Info.txt in Resources */,
				EE4B74EA0E2EB35500F7B157 /* NOTICE.txt in Resources */,
				EE4B74F00E2EB53800F7B157 /* LICENSE.txt in Resources */,
				EE89CE9D0E618B2C0016A781 /* Star_list_active.png in Resources */,
				EE66414F0E62A2220047D7ED /* Star_eponym_active.png in Resources */,
				EE6641500E62A2220047D7ED /* Star_eponym_inactive.png in Resources */,
				EE3BC3C10E6ACEBF0051B69D /* Badge_new_eponyms.png in Resources */,
				EE3BC4430E6ADECB0051B69D /* InfoBackground.png in Resources */,
				EE8E56750E6CA69600928D90 /* ElevatedBar.png in Resources */,
				EEF9F2940EA74928002F024E /* Entitlements.plist in Resources */,
				EEDB74DE10B89A76007782DA /* Eponyms.png in Resources */,
				EEC2A6A511CE6A3C009C9486 /* Icon~iPad.png in Resources */,
				EEC2A6A611CE6A3C009C9486 /* Icon@2x.png in Resources */,
				EEC2A6A811CE6A51009C9486 /* Eponyms@2x.png in Resources */,
				EEC2A6B711CE6B21009C9486 /* Badge_new_eponyms@2x.png in Resources */,
				EEC2A6B811CE6B21009C9486 /* Star_eponym_active@2x.png in Resources */,
				EEC2A6B911CE6B21009C9486 /* Star_eponym_inactive@2x.png in Resources */,
				EEC2A6BA11CE6B21009C9486 /* Star_list_active@2x.png in Resources */,
				EE3819F311CFE02100DB14D9 /* eponyms.sqlite in Resources */,
				EE381BD711CFEFBD00DB14D9 /* MainWindow-iPad.xib in Resources */,
				EE381BEE11CFF14000DB14D9 /* InfoView-iPad.xib in Resources */,
				EE53732111D0294E004F030E /* Default-Landscape.png in Resources */,
				EE53732211D0294E004F030E /* Default-Portrait.png in Resources */,
				EE53732411D02A07004F030E /* Eponyms_bglogo.png in Resources */,
				EE5BD3A711D930F500964E25 /* RoundedButton.png in Resources */,
				EE5BD3AE11D9330900964E25 /* RoundedButtonBlue.png in Resources */,
				EE5BD49511D9503900964E25 /* RoundedButtonBlue@2x.png in Resources */,
				EE5BD49811D9503E00964E25 /* RoundedButton@2x.png in Resources */,
				EE5BD4D011D95E7700964E25 /* Default@2x.png in Resources */,
			);
			runOnlyForDeploymentPostprocessing = 0;
		};
		EE56385A109DFB1D00D6C4E6 /* Resources */ = {
			isa = PBXResourcesBuildPhase;
			buildActionMask = 2147483647;
			files = (
				EE56385B109DFB1D00D6C4E6 /* MainWindow.xib in Resources */,
				EE56385C109DFB1D00D6C4E6 /* Eponyms.png in Resources */,
				EE56385F109DFB1D00D6C4E6 /* InfoView.xib in Resources */,
				EE563860109DFB1D00D6C4E6 /* eponyms.xml in Resources */,
				EE563861109DFB1D00D6C4E6 /* Info.txt in Resources */,
				EE563862109DFB1D00D6C4E6 /* NOTICE.txt in Resources */,
				EE563863109DFB1D00D6C4E6 /* LICENSE.txt in Resources */,
				EE563864109DFB1D00D6C4E6 /* Star_list_active.png in Resources */,
				EE563865109DFB1D00D6C4E6 /* Star_eponym_active.png in Resources */,
				EE563866109DFB1D00D6C4E6 /* Star_eponym_inactive.png in Resources */,
				EE563867109DFB1D00D6C4E6 /* Badge_new_eponyms.png in Resources */,
				EE563868109DFB1D00D6C4E6 /* InfoBackground.png in Resources */,
				EE563869109DFB1D00D6C4E6 /* ElevatedBar.png in Resources */,
				EE56386B109DFB1D00D6C4E6 /* Entitlements.plist in Resources */,
				EE5A6C7F10B831840092053C /* Icon-student.png in Resources */,
				EEDB74ED10B89AF7007782DA /* Default.png in Resources */,
				EEC2A6AB11CE6A5F009C9486 /* Icon-student@2x.png in Resources */,
				EEC2A6AC11CE6A5F009C9486 /* Icon-student~iPad.png in Resources */,
				EEC2A6AE11CE6A6A009C9486 /* Eponyms@2x.png in Resources */,
				EEC2A6B311CE6B21009C9486 /* Badge_new_eponyms@2x.png in Resources */,
				EEC2A6B411CE6B21009C9486 /* Star_eponym_active@2x.png in Resources */,
				EEC2A6B511CE6B21009C9486 /* Star_eponym_inactive@2x.png in Resources */,
				EEC2A6B611CE6B21009C9486 /* Star_list_active@2x.png in Resources */,
				EE3819F411CFE02100DB14D9 /* eponyms.sqlite in Resources */,
				EE5BD3A811D930F500964E25 /* RoundedButton.png in Resources */,
				EE5BD3AF11D9330900964E25 /* RoundedButtonBlue.png in Resources */,
				EE5BD49611D9503900964E25 /* RoundedButtonBlue@2x.png in Resources */,
				EE5BD49911D9503E00964E25 /* RoundedButton@2x.png in Resources */,
				EE23394E12077183007A58FF /* MainWindow-iPad.xib in Resources */,
				EE23394F12077188007A58FF /* InfoView-iPad.xib in Resources */,
				EE664ED212077E630070BA19 /* Default@2x.png in Resources */,
				EE664EE7120780990070BA19 /* Default-Landscape.png in Resources */,
				EE664EE8120780990070BA19 /* Default-Portrait.png in Resources */,
				EE664EEE120780B40070BA19 /* Eponyms_bglogo.png in Resources */,
			);
			runOnlyForDeploymentPostprocessing = 0;
		};
/* End PBXResourcesBuildPhase section */

/* Begin PBXSourcesBuildPhase section */
		1D60588E0D05DD3D006BFB54 /* Sources */ = {
			isa = PBXSourcesBuildPhase;
			buildActionMask = 2147483647;
			files = (
				1D60589B0D05DD56006BFB54 /* main.m in Sources */,
				1D3623260D0F684500981E51 /* eponyms_touchAppDelegate.m in Sources */,
				EE2DE6BA0E1AE38200D97653 /* InfoViewController.m in Sources */,
				EE2DE74E0E1C297200D97653 /* ListViewController.m in Sources */,
				EE2DE7530E1C297F00D97653 /* EponymViewController.m in Sources */,
				EE2DE7AC0E1C2F7A00D97653 /* CategoriesViewController.m in Sources */,
				EE2DE9DE0E2125C700D97653 /* Eponym.m in Sources */,
				EE1443EA0E23A576003EA64C /* EponymUpdater.m in Sources */,
				EE89CA000E6059280016A781 /* EponymCategory.m in Sources */,
				EE89CD5F0E6170EE0016A781 /* TouchTableView.m in Sources */,
				EE563940109E186200D6C4E6 /* MCTextView.m in Sources */,
				EECD008410A0DAAE002B06C6 /* PPHintableLabel.m in Sources */,
				EECD008910A0DAC1002B06C6 /* PPHintView.m in Sources */,
				EECD008A10A0DAC1002B06C6 /* PPHintViewContainer.m in Sources */,
				EEC2A6C211CE6C3A009C9486 /* PPSplitViewController.m in Sources */,
				EEC2A6C611CE6C47009C9486 /* MCViewController.m in Sources */,
				EEC2A6CA11CE6C4F009C9486 /* MCTableViewController.m in Sources */,
				EEC2A6FB11CE6E12009C9486 /* MCViewAnimations.m in Sources */,
				EEC2A70911CE6E37009C9486 /* UIViewController+PPSubclassing.m in Sources */,
				EEC2A96C11CEC5A6009C9486 /* UIView+shadowBug.m in Sources */,
				EE38197C11CFD83000DB14D9 /* SQLiteAccessors.c in Sources */,
				EE5BD32811D9173B00964E25 /* sqlite3_unicode.c in Sources */,
			);
			runOnlyForDeploymentPostprocessing = 0;
		};
		EE56386D109DFB1D00D6C4E6 /* Sources */ = {
			isa = PBXSourcesBuildPhase;
			buildActionMask = 2147483647;
			files = (
				EE56386E109DFB1D00D6C4E6 /* main.m in Sources */,
				EE56386F109DFB1D00D6C4E6 /* eponyms_touchAppDelegate.m in Sources */,
				EE563870109DFB1D00D6C4E6 /* InfoViewController.m in Sources */,
				EE563871109DFB1D00D6C4E6 /* ListViewController.m in Sources */,
				EE563872109DFB1D00D6C4E6 /* EponymViewController.m in Sources */,
				EE563873109DFB1D00D6C4E6 /* CategoriesViewController.m in Sources */,
				EE563874109DFB1D00D6C4E6 /* Eponym.m in Sources */,
				EE563875109DFB1D00D6C4E6 /* EponymUpdater.m in Sources */,
				EE563877109DFB1D00D6C4E6 /* EponymCategory.m in Sources */,
				EE563878109DFB1D00D6C4E6 /* TouchTableView.m in Sources */,
				EE563BCC109E4BAE00D6C4E6 /* MCTextView.m in Sources */,
				EECD015610A0EC95002B06C6 /* PPHintViewContainer.m in Sources */,
				EECD015710A0EC95002B06C6 /* PPHintableLabel.m in Sources */,
				EECD015810A0EC95002B06C6 /* PPHintView.m in Sources */,
				EEC2A6C111CE6C3A009C9486 /* PPSplitViewController.m in Sources */,
				EEC2A6C511CE6C47009C9486 /* MCViewController.m in Sources */,
				EEC2A6C911CE6C4F009C9486 /* MCTableViewController.m in Sources */,
				EEC2A6FA11CE6E12009C9486 /* MCViewAnimations.m in Sources */,
				EEC2A70811CE6E37009C9486 /* UIViewController+PPSubclassing.m in Sources */,
				EEC2A96B11CEC5A6009C9486 /* UIView+shadowBug.m in Sources */,
				EE38197B11CFD83000DB14D9 /* SQLiteAccessors.c in Sources */,
				EE5BD32911D9173B00964E25 /* sqlite3_unicode.c in Sources */,
			);
			runOnlyForDeploymentPostprocessing = 0;
		};
/* End PBXSourcesBuildPhase section */

/* Begin XCBuildConfiguration section */
		1D6058940D05DD3E006BFB54 /* Debug */ = {
			isa = XCBuildConfiguration;
			buildSettings = {
				ALWAYS_SEARCH_USER_PATHS = NO;
				CODE_SIGN_ENTITLEMENTS = "";
				"CODE_SIGN_IDENTITY[sdk=iphoneos*]" = "iPhone Developer";
				COPY_PHASE_STRIP = NO;
				GCC_DYNAMIC_NO_PIC = NO;
				GCC_OPTIMIZATION_LEVEL = 0;
				GCC_PRECOMPILE_PREFIX_HEADER = YES;
				GCC_PREFIX_HEADER = eponyms_touch_Prefix.pch;
				HEADER_SEARCH_PATHS = "\"${PROJECT_DIR}/../SQLiteUnicode/build/${BUILD_STYLE}-${PLATFORM_NAME}/usr/local/include\"";
				INFOPLIST_FILE = Info.plist;
				LIBRARY_SEARCH_PATHS = (
					"$(inherited)",
					"\"$(SRCROOT)\"",
					"\"$(SRCROOT)/GoogleAds\"",
				);
				PRODUCT_NAME = "eponyms-touch";
				"PROVISIONING_PROFILE[sdk=iphoneos*]" = "";
			};
			name = Debug;
		};
		1D6058950D05DD3E006BFB54 /* Release */ = {
			isa = XCBuildConfiguration;
			buildSettings = {
				ALWAYS_SEARCH_USER_PATHS = NO;
				COPY_PHASE_STRIP = YES;
				GCC_PRECOMPILE_PREFIX_HEADER = YES;
				GCC_PREFIX_HEADER = eponyms_touch_Prefix.pch;
				HEADER_SEARCH_PATHS = "\"${PROJECT_DIR}/../SQLiteUnicode/build/${BUILD_STYLE}-${PLATFORM_NAME}/usr/local/include\"";
				INFOPLIST_FILE = Info.plist;
				LIBRARY_SEARCH_PATHS = (
					"$(inherited)",
					"\"$(SRCROOT)\"",
					"\"$(SRCROOT)/GoogleAds\"",
				);
				PRODUCT_NAME = "eponyms-touch";
			};
			name = Release;
		};
		C01FCF4F08A954540054247B /* Debug */ = {
			isa = XCBuildConfiguration;
			buildSettings = {
				ARCHS = "$(ARCHS_STANDARD_32_BIT)";
				"CODE_SIGN_IDENTITY[sdk=iphoneos*]" = "Don't Code Sign";
				FRAMEWORK_SEARCH_PATHS = "";
				GCC_C_LANGUAGE_STANDARD = "compiler-default";
				GCC_PREPROCESSOR_DEFINITIONS = (
					SQLITE_ENABLE_UNICODE,
					SQLITE_CORE,
				);
				GCC_WARN_ABOUT_RETURN_TYPE = YES;
				GCC_WARN_UNUSED_VARIABLE = YES;
				HEADER_SEARCH_PATHS = "";
				IPHONEOS_DEPLOYMENT_TARGET = 3.0;
				LIBRARY_SEARCH_PATHS = "";
				ONLY_ACTIVE_ARCH = YES;
				OTHER_CFLAGS = "-DDEBUG";
				OTHER_LDFLAGS = "";
				PREBINDING = NO;
				"PROVISIONING_PROFILE[sdk=iphoneos*]" = "";
				RUN_CLANG_STATIC_ANALYZER = NO;
				SDKROOT = iphoneos;
				TARGETED_DEVICE_FAMILY = "1,2";
			};
			name = Debug;
		};
		C01FCF5008A954540054247B /* Release */ = {
			isa = XCBuildConfiguration;
			buildSettings = {
				ARCHS = "$(ARCHS_STANDARD_32_BIT)";
				"CODE_SIGN_IDENTITY[sdk=iphoneos*]" = "Don't Code Sign";
				FRAMEWORK_SEARCH_PATHS = "";
				GCC_C_LANGUAGE_STANDARD = c99;
				GCC_PREPROCESSOR_DEFINITIONS = (
					SQLITE_ENABLE_UNICODE,
					SQLITE_CORE,
				);
				GCC_WARN_ABOUT_RETURN_TYPE = YES;
				GCC_WARN_UNUSED_VARIABLE = YES;
				HEADER_SEARCH_PATHS = "";
				IPHONEOS_DEPLOYMENT_TARGET = 3.0;
				LIBRARY_SEARCH_PATHS = "";
				OTHER_LDFLAGS = "";
				PREBINDING = NO;
				"PROVISIONING_PROFILE[sdk=iphoneos*]" = "";
				SDKROOT = iphoneos;
				TARGETED_DEVICE_FAMILY = "1,2";
			};
			name = Release;
		};
		EE5036410F5F3ACA00EB56A2 /* Distribution */ = {
			isa = XCBuildConfiguration;
			buildSettings = {
				ARCHS = "$(ARCHS_STANDARD_32_BIT)";
				CODE_SIGN_IDENTITY = "iPhone Distribution: Pascal Pfiffner";
				"CODE_SIGN_IDENTITY[sdk=iphoneos*]" = "iPhone Distribution: Pascal Pfiffner";
				FRAMEWORK_SEARCH_PATHS = "";
				GCC_C_LANGUAGE_STANDARD = c99;
				GCC_PREPROCESSOR_DEFINITIONS = (
					SQLITE_ENABLE_UNICODE,
					SQLITE_CORE,
				);
				GCC_WARN_ABOUT_RETURN_TYPE = YES;
				GCC_WARN_UNUSED_VARIABLE = YES;
				HEADER_SEARCH_PATHS = "";
				IPHONEOS_DEPLOYMENT_TARGET = 3.0;
				LIBRARY_SEARCH_PATHS = "";
				OTHER_LDFLAGS = "";
				PREBINDING = NO;
				PROVISIONING_PROFILE = "97E6B393-8D57-476B-BDAF-A4A7DFC4D9A8";
				"PROVISIONING_PROFILE[sdk=iphoneos*]" = "97E6B393-8D57-476B-BDAF-A4A7DFC4D9A8";
				SDKROOT = iphoneos;
				TARGETED_DEVICE_FAMILY = "1,2";
				VALIDATE_PRODUCT = YES;
			};
			name = Distribution;
		};
		EE5036420F5F3ACA00EB56A2 /* Distribution */ = {
			isa = XCBuildConfiguration;
			buildSettings = {
				ALWAYS_SEARCH_USER_PATHS = NO;
				COPY_PHASE_STRIP = YES;
				GCC_PRECOMPILE_PREFIX_HEADER = YES;
				GCC_PREFIX_HEADER = eponyms_touch_Prefix.pch;
				HEADER_SEARCH_PATHS = "\"${PROJECT_DIR}/../SQLiteUnicode/build/${BUILD_STYLE}-${PLATFORM_NAME}/usr/local/include\"";
				INFOPLIST_FILE = Info.plist;
				LIBRARY_SEARCH_PATHS = (
					"$(inherited)",
					"\"$(SRCROOT)\"",
					"\"$(SRCROOT)/GoogleAds\"",
				);
				PRODUCT_NAME = "eponyms-touch";
			};
			name = Distribution;
		};
		EE563880109DFB1D00D6C4E6 /* Debug */ = {
			isa = XCBuildConfiguration;
			buildSettings = {
				ALWAYS_SEARCH_USER_PATHS = NO;
				CODE_SIGN_ENTITLEMENTS = "";
				"CODE_SIGN_IDENTITY[sdk=iphoneos*]" = "iPhone Developer";
				COPY_PHASE_STRIP = NO;
				GCC_DYNAMIC_NO_PIC = NO;
				GCC_OPTIMIZATION_LEVEL = 0;
				GCC_PRECOMPILE_PREFIX_HEADER = YES;
				GCC_PREFIX_HEADER = eponyms_touch_Prefix.pch;
				HEADER_SEARCH_PATHS = "\"${PROJECT_DIR}/../SQLiteUnicode/build/${BUILD_STYLE}-${PLATFORM_NAME}/usr/local/include\"";
				INFOPLIST_FILE = "Info-student.plist";
				LIBRARY_SEARCH_PATHS = (
					"$(inherited)",
					"\"$(SRCROOT)\"",
					"\"$(SRCROOT)/GoogleAds\"",
				);
				OTHER_CFLAGS = (
					"-DSHOW_GOOGLE_ADS",
					"-DDEBUG",
				);
				PRODUCT_NAME = "eponyms-student";
				"PROVISIONING_PROFILE[sdk=iphoneos*]" = "";
				TARGETED_DEVICE_FAMILY = "1,2";
			};
			name = Debug;
		};
		EE563881109DFB1D00D6C4E6 /* Release */ = {
			isa = XCBuildConfiguration;
			buildSettings = {
				ALWAYS_SEARCH_USER_PATHS = NO;
				"CODE_SIGN_IDENTITY[sdk=iphoneos*]" = "iPhone Distribution: Pascal Pfiffner";
				COPY_PHASE_STRIP = YES;
				GCC_PRECOMPILE_PREFIX_HEADER = YES;
				GCC_PREFIX_HEADER = eponyms_touch_Prefix.pch;
				HEADER_SEARCH_PATHS = "\"${PROJECT_DIR}/../SQLiteUnicode/build/${BUILD_STYLE}-${PLATFORM_NAME}/usr/local/include\"";
				INFOPLIST_FILE = "Info-student.plist";
				LIBRARY_SEARCH_PATHS = (
					"$(inherited)",
					"\"$(SRCROOT)\"",
					"\"$(SRCROOT)/GoogleAds\"",
				);
				OTHER_CFLAGS = "-DSHOW_GOOGLE_ADS";
				PRODUCT_NAME = "eponyms-student";
				"PROVISIONING_PROFILE[sdk=iphoneos*]" = "574DB9DC-0CDE-425B-9CB5-0FBD5DA32410";
				TARGETED_DEVICE_FAMILY = "1,2";
			};
			name = Release;
		};
		EE563882109DFB1D00D6C4E6 /* Distribution */ = {
			isa = XCBuildConfiguration;
			buildSettings = {
				ALWAYS_SEARCH_USER_PATHS = NO;
				"CODE_SIGN_IDENTITY[sdk=iphoneos*]" = "iPhone Distribution: Pascal Pfiffner";
				COPY_PHASE_STRIP = YES;
				GCC_PRECOMPILE_PREFIX_HEADER = YES;
				GCC_PREFIX_HEADER = eponyms_touch_Prefix.pch;
				HEADER_SEARCH_PATHS = "\"${PROJECT_DIR}/../SQLiteUnicode/build/${BUILD_STYLE}-${PLATFORM_NAME}/usr/local/include\"";
				INFOPLIST_FILE = "Info-student.plist";
				LIBRARY_SEARCH_PATHS = (
					"$(inherited)",
					"\"$(SRCROOT)\"",
					"\"$(SRCROOT)/GoogleAds\"",
				);
				OTHER_CFLAGS = "-DSHOW_GOOGLE_ADS";
				PRODUCT_NAME = "eponyms-student";
				"PROVISIONING_PROFILE[sdk=iphoneos*]" = "97E6B393-8D57-476B-BDAF-A4A7DFC4D9A8";
				TARGETED_DEVICE_FAMILY = "1,2";
			};
			name = Distribution;
		};
		EE563883109DFB1D00D6C4E6 /* AdHoc */ = {
			isa = XCBuildConfiguration;
			buildSettings = {
				ALWAYS_SEARCH_USER_PATHS = NO;
				CODE_SIGN_ENTITLEMENTS = Entitlements.plist;
				"CODE_SIGN_IDENTITY[sdk=iphoneos*]" = "iPhone Distribution: Pascal Pfiffner";
				COPY_PHASE_STRIP = YES;
				GCC_PRECOMPILE_PREFIX_HEADER = YES;
				GCC_PREFIX_HEADER = eponyms_touch_Prefix.pch;
				HEADER_SEARCH_PATHS = "\"${PROJECT_DIR}/../SQLiteUnicode/build/${BUILD_STYLE}-${PLATFORM_NAME}/usr/local/include\"";
				INFOPLIST_FILE = "Info-student.plist";
				LIBRARY_SEARCH_PATHS = (
					"$(inherited)",
					"\"$(SRCROOT)\"",
					"\"$(SRCROOT)/GoogleAds\"",
				);
				OTHER_CFLAGS = "-DSHOW_GOOGLE_ADS";
				PRODUCT_NAME = "eponyms-student";
				"PROVISIONING_PROFILE[sdk=iphoneos*]" = "574DB9DC-0CDE-425B-9CB5-0FBD5DA32410";
				TARGETED_DEVICE_FAMILY = "1,2";
			};
			name = AdHoc;
		};
		EE5639D2109E258400D6C4E6 /* Debug Plus */ = {
			isa = XCBuildConfiguration;
			buildSettings = {
				ARCHS = "$(ARCHS_STANDARD_32_BIT)";
				"CODE_SIGN_IDENTITY[sdk=iphoneos*]" = "Don't Code Sign";
				FRAMEWORK_SEARCH_PATHS = "";
				GCC_C_LANGUAGE_STANDARD = "compiler-default";
				GCC_PREPROCESSOR_DEFINITIONS = (
					SQLITE_ENABLE_UNICODE,
					SQLITE_CORE,
				);
				GCC_WARN_ABOUT_RETURN_TYPE = YES;
				GCC_WARN_UNUSED_VARIABLE = YES;
				HEADER_SEARCH_PATHS = "";
				IPHONEOS_DEPLOYMENT_TARGET = 3.0;
				LIBRARY_SEARCH_PATHS = "";
				ONLY_ACTIVE_ARCH = YES;
				OTHER_CFLAGS = "-DDEBUG";
				OTHER_LDFLAGS = "";
				PREBINDING = NO;
				"PROVISIONING_PROFILE[sdk=iphoneos*]" = "";
				RUN_CLANG_STATIC_ANALYZER = YES;
				SDKROOT = iphoneos;
				TARGETED_DEVICE_FAMILY = "1,2";
			};
			name = "Debug Plus";
		};
		EE5639D3109E258400D6C4E6 /* Debug Plus */ = {
			isa = XCBuildConfiguration;
			buildSettings = {
				ALWAYS_SEARCH_USER_PATHS = NO;
				CODE_SIGN_ENTITLEMENTS = "";
				"CODE_SIGN_IDENTITY[sdk=iphoneos*]" = "iPhone Developer";
				COPY_PHASE_STRIP = NO;
				GCC_DYNAMIC_NO_PIC = NO;
				GCC_OPTIMIZATION_LEVEL = 0;
				GCC_PRECOMPILE_PREFIX_HEADER = YES;
				GCC_PREFIX_HEADER = eponyms_touch_Prefix.pch;
				HEADER_SEARCH_PATHS = "\"${PROJECT_DIR}/../SQLiteUnicode/build/${BUILD_STYLE}-${PLATFORM_NAME}/usr/local/include\"";
				INFOPLIST_FILE = Info.plist;
				LIBRARY_SEARCH_PATHS = (
					"$(inherited)",
					"\"$(SRCROOT)\"",
					"\"$(SRCROOT)/GoogleAds\"",
				);
				PRODUCT_NAME = "eponyms-touch";
				"PROVISIONING_PROFILE[sdk=iphoneos*]" = "";
			};
			name = "Debug Plus";
		};
		EE5639D4109E258400D6C4E6 /* Debug Plus */ = {
			isa = XCBuildConfiguration;
			buildSettings = {
				ALWAYS_SEARCH_USER_PATHS = NO;
				CODE_SIGN_ENTITLEMENTS = "";
				"CODE_SIGN_IDENTITY[sdk=iphoneos*]" = "iPhone Distribution: Pascal Pfiffner";
				COPY_PHASE_STRIP = NO;
				GCC_DYNAMIC_NO_PIC = NO;
				GCC_OPTIMIZATION_LEVEL = 0;
				GCC_PRECOMPILE_PREFIX_HEADER = YES;
				GCC_PREFIX_HEADER = eponyms_touch_Prefix.pch;
				HEADER_SEARCH_PATHS = "\"${PROJECT_DIR}/../SQLiteUnicode/build/${BUILD_STYLE}-${PLATFORM_NAME}/usr/local/include\"";
				INFOPLIST_FILE = "Info-student.plist";
				LIBRARY_SEARCH_PATHS = (
					"$(inherited)",
					"\"$(SRCROOT)\"",
					"\"$(SRCROOT)/GoogleAds\"",
				);
				OTHER_CFLAGS = "-DSHOW_GOOGLE_ADS";
				PRODUCT_NAME = "eponyms-student";
				"PROVISIONING_PROFILE[sdk=iphoneos*]" = "574DB9DC-0CDE-425B-9CB5-0FBD5DA32410";
				TARGETED_DEVICE_FAMILY = "1,2";
			};
			name = "Debug Plus";
		};
		EEF9F28B0EA74874002F024E /* AdHoc */ = {
			isa = XCBuildConfiguration;
			buildSettings = {
				ARCHS = "$(ARCHS_STANDARD_32_BIT)";
				CODE_SIGN_IDENTITY = "Don't Code Sign";
				"CODE_SIGN_IDENTITY[sdk=iphoneos*]" = "Don't Code Sign";
				FRAMEWORK_SEARCH_PATHS = "";
				GCC_C_LANGUAGE_STANDARD = c99;
				GCC_PREPROCESSOR_DEFINITIONS = (
					SQLITE_ENABLE_UNICODE,
					SQLITE_CORE,
				);
				GCC_WARN_ABOUT_RETURN_TYPE = YES;
				GCC_WARN_UNUSED_VARIABLE = YES;
				HEADER_SEARCH_PATHS = "";
				IPHONEOS_DEPLOYMENT_TARGET = 3.0;
				LIBRARY_SEARCH_PATHS = "";
				OTHER_LDFLAGS = "";
				PREBINDING = NO;
				PROVISIONING_PROFILE = "";
				"PROVISIONING_PROFILE[sdk=iphoneos*]" = "";
				SDKROOT = iphoneos;
				TARGETED_DEVICE_FAMILY = "1,2";
			};
			name = AdHoc;
		};
		EEF9F28C0EA74874002F024E /* AdHoc */ = {
			isa = XCBuildConfiguration;
			buildSettings = {
				ALWAYS_SEARCH_USER_PATHS = NO;
				CODE_SIGN_ENTITLEMENTS = Entitlements.plist;
				CODE_SIGN_IDENTITY = "iPhone Distribution: Pascal Pfiffner";
				"CODE_SIGN_IDENTITY[sdk=iphoneos*]" = "iPhone Distribution";
				COPY_PHASE_STRIP = YES;
				GCC_PRECOMPILE_PREFIX_HEADER = YES;
				GCC_PREFIX_HEADER = eponyms_touch_Prefix.pch;
				HEADER_SEARCH_PATHS = "\"${PROJECT_DIR}/../SQLiteUnicode/build/${BUILD_STYLE}-${PLATFORM_NAME}/usr/local/include\"";
				INFOPLIST_FILE = Info.plist;
				LIBRARY_SEARCH_PATHS = (
					"$(inherited)",
					"\"$(SRCROOT)\"",
					"\"$(SRCROOT)/GoogleAds\"",
				);
				PRODUCT_NAME = "eponyms-touch";
				PROVISIONING_PROFILE = "BB0194E5-F63B-4EAB-9037-28CBC1251902";
				"PROVISIONING_PROFILE[sdk=iphoneos*]" = "";
			};
			name = AdHoc;
		};
/* End XCBuildConfiguration section */

/* Begin XCConfigurationList section */
		1D6058960D05DD3E006BFB54 /* Build configuration list for PBXNativeTarget "eponyms-touch" */ = {
			isa = XCConfigurationList;
			buildConfigurations = (
				1D6058940D05DD3E006BFB54 /* Debug */,
				EE5639D3109E258400D6C4E6 /* Debug Plus */,
				1D6058950D05DD3E006BFB54 /* Release */,
				EE5036420F5F3ACA00EB56A2 /* Distribution */,
				EEF9F28C0EA74874002F024E /* AdHoc */,
			);
			defaultConfigurationIsVisible = 0;
			defaultConfigurationName = Release;
		};
		C01FCF4E08A954540054247B /* Build configuration list for PBXProject "eponyms-touch" */ = {
			isa = XCConfigurationList;
			buildConfigurations = (
				C01FCF4F08A954540054247B /* Debug */,
				EE5639D2109E258400D6C4E6 /* Debug Plus */,
				C01FCF5008A954540054247B /* Release */,
				EE5036410F5F3ACA00EB56A2 /* Distribution */,
				EEF9F28B0EA74874002F024E /* AdHoc */,
			);
			defaultConfigurationIsVisible = 0;
			defaultConfigurationName = Release;
		};
		EE56387F109DFB1D00D6C4E6 /* Build configuration list for PBXNativeTarget "eponyms-student" */ = {
			isa = XCConfigurationList;
			buildConfigurations = (
				EE563880109DFB1D00D6C4E6 /* Debug */,
				EE5639D4109E258400D6C4E6 /* Debug Plus */,
				EE563881109DFB1D00D6C4E6 /* Release */,
				EE563882109DFB1D00D6C4E6 /* Distribution */,
				EE563883109DFB1D00D6C4E6 /* AdHoc */,
			);
			defaultConfigurationIsVisible = 0;
			defaultConfigurationName = Release;
		};
/* End XCConfigurationList section */
	};
	rootObject = 29B97313FDCFA39411CA2CEA /* Project object */;
}
