// !$*UTF8*$!
{
	archiveVersion = 1;
	classes = {
	};
	objectVersion = 45;
	objects = {

/* Begin PBXBuildFile section */
		1D3623260D0F684500981E51 /* eponyms_touchAppDelegate.m in Sources */ = {isa = PBXBuildFile; fileRef = 1D3623250D0F684500981E51 /* eponyms_touchAppDelegate.m */; };
		1D60589B0D05DD56006BFB54 /* main.m in Sources */ = {isa = PBXBuildFile; fileRef = 29B97316FDCFA39411CA2CEA /* main.m */; };
		1D60589F0D05DD5A006BFB54 /* Foundation.framework in Frameworks */ = {isa = PBXBuildFile; fileRef = 1D30AB110D05D00D00671497 /* Foundation.framework */; };
		1DF5F4E00D08C38300B7A737 /* UIKit.framework in Frameworks */ = {isa = PBXBuildFile; fileRef = 1DF5F4DF0D08C38300B7A737 /* UIKit.framework */; };
		28AD733F0D9D9553002E5188 /* MainWindow.xib in Resources */ = {isa = PBXBuildFile; fileRef = 28AD733E0D9D9553002E5188 /* MainWindow.xib */; };
		EE14428F0E236E10003EA64C /* InfoView.xib in Resources */ = {isa = PBXBuildFile; fileRef = EE14428E0E236E10003EA64C /* InfoView.xib */; };
		EE1443EA0E23A576003EA64C /* EponymUpdater.m in Sources */ = {isa = PBXBuildFile; fileRef = EE1443E90E23A576003EA64C /* EponymUpdater.m */; };
		EE2DE6BA0E1AE38200D97653 /* InfoViewController.m in Sources */ = {isa = PBXBuildFile; fileRef = EE2DE6B90E1AE38200D97653 /* InfoViewController.m */; };
		EE2DE74E0E1C297200D97653 /* ListViewController.m in Sources */ = {isa = PBXBuildFile; fileRef = EE2DE74D0E1C297200D97653 /* ListViewController.m */; };
		EE2DE7530E1C297F00D97653 /* EponymViewController.m in Sources */ = {isa = PBXBuildFile; fileRef = EE2DE7520E1C297F00D97653 /* EponymViewController.m */; };
		EE2DE7AC0E1C2F7A00D97653 /* CategoriesViewController.m in Sources */ = {isa = PBXBuildFile; fileRef = EE2DE7AB0E1C2F7A00D97653 /* CategoriesViewController.m */; };
		EE2DE9DE0E2125C700D97653 /* Eponym.m in Sources */ = {isa = PBXBuildFile; fileRef = EE2DE9DD0E2125C700D97653 /* Eponym.m */; };
		EE2DEDFA0E229B9B00D97653 /* Icon.png in Resources */ = {isa = PBXBuildFile; fileRef = EE2DEDF90E229B9B00D97653 /* Icon.png */; };
		EE2DEDFF0E229DB700D97653 /* Default.png in Resources */ = {isa = PBXBuildFile; fileRef = EE2DEDFE0E229DB700D97653 /* Default.png */; };
		EE380FA60E97B3180066BA6E /* eponyms_info.xml in Resources */ = {isa = PBXBuildFile; fileRef = EE380FA50E97B3180066BA6E /* eponyms_info.xml */; };
		EE3BC3C10E6ACEBF0051B69D /* Badge_new_eponyms.png in Resources */ = {isa = PBXBuildFile; fileRef = EE3BC3C00E6ACEBF0051B69D /* Badge_new_eponyms.png */; };
		EE3BC4430E6ADECB0051B69D /* InfoBackground.png in Resources */ = {isa = PBXBuildFile; fileRef = EE3BC4420E6ADECB0051B69D /* InfoBackground.png */; };
		EE4B74EA0E2EB35500F7B157 /* NOTICE.txt in Resources */ = {isa = PBXBuildFile; fileRef = EE4B74E90E2EB35500F7B157 /* NOTICE.txt */; };
		EE4B74F00E2EB53800F7B157 /* LICENSE.txt in Resources */ = {isa = PBXBuildFile; fileRef = EE4B74EF0E2EB53800F7B157 /* LICENSE.txt */; };
		EE56385B109DFB1D00D6C4E6 /* MainWindow.xib in Resources */ = {isa = PBXBuildFile; fileRef = 28AD733E0D9D9553002E5188 /* MainWindow.xib */; };
		EE56385C109DFB1D00D6C4E6 /* Eponyms.png in Resources */ = {isa = PBXBuildFile; fileRef = EE2DE6B40E1AE31800D97653 /* Eponyms.png */; };
		EE56385F109DFB1D00D6C4E6 /* InfoView.xib in Resources */ = {isa = PBXBuildFile; fileRef = EE14428E0E236E10003EA64C /* InfoView.xib */; };
		EE563860109DFB1D00D6C4E6 /* eponyms.xml in Resources */ = {isa = PBXBuildFile; fileRef = EE64C7BF0E2680D40000BC8D /* eponyms.xml */; };
		EE563861109DFB1D00D6C4E6 /* Info.txt in Resources */ = {isa = PBXBuildFile; fileRef = EEAB00F90E2E2F3E00D84A8A /* Info.txt */; };
		EE563862109DFB1D00D6C4E6 /* NOTICE.txt in Resources */ = {isa = PBXBuildFile; fileRef = EE4B74E90E2EB35500F7B157 /* NOTICE.txt */; };
		EE563863109DFB1D00D6C4E6 /* LICENSE.txt in Resources */ = {isa = PBXBuildFile; fileRef = EE4B74EF0E2EB53800F7B157 /* LICENSE.txt */; };
		EE563864109DFB1D00D6C4E6 /* Star_list_active.png in Resources */ = {isa = PBXBuildFile; fileRef = EE89CE9C0E618B2C0016A781 /* Star_list_active.png */; };
		EE563865109DFB1D00D6C4E6 /* Star_eponym_active.png in Resources */ = {isa = PBXBuildFile; fileRef = EE66414D0E62A2220047D7ED /* Star_eponym_active.png */; };
		EE563866109DFB1D00D6C4E6 /* Star_eponym_inactive.png in Resources */ = {isa = PBXBuildFile; fileRef = EE66414E0E62A2220047D7ED /* Star_eponym_inactive.png */; };
		EE563867109DFB1D00D6C4E6 /* Badge_new_eponyms.png in Resources */ = {isa = PBXBuildFile; fileRef = EE3BC3C00E6ACEBF0051B69D /* Badge_new_eponyms.png */; };
		EE563868109DFB1D00D6C4E6 /* InfoBackground.png in Resources */ = {isa = PBXBuildFile; fileRef = EE3BC4420E6ADECB0051B69D /* InfoBackground.png */; };
		EE563869109DFB1D00D6C4E6 /* ElevatedBar.png in Resources */ = {isa = PBXBuildFile; fileRef = EE8E56740E6CA69600928D90 /* ElevatedBar.png */; };
		EE56386A109DFB1D00D6C4E6 /* eponyms_info.xml in Resources */ = {isa = PBXBuildFile; fileRef = EE380FA50E97B3180066BA6E /* eponyms_info.xml */; };
		EE56386B109DFB1D00D6C4E6 /* Entitlements.plist in Resources */ = {isa = PBXBuildFile; fileRef = EEF9F2930EA74928002F024E /* Entitlements.plist */; };
		EE56386E109DFB1D00D6C4E6 /* main.m in Sources */ = {isa = PBXBuildFile; fileRef = 29B97316FDCFA39411CA2CEA /* main.m */; };
		EE56386F109DFB1D00D6C4E6 /* eponyms_touchAppDelegate.m in Sources */ = {isa = PBXBuildFile; fileRef = 1D3623250D0F684500981E51 /* eponyms_touchAppDelegate.m */; };
		EE563870109DFB1D00D6C4E6 /* InfoViewController.m in Sources */ = {isa = PBXBuildFile; fileRef = EE2DE6B90E1AE38200D97653 /* InfoViewController.m */; };
		EE563871109DFB1D00D6C4E6 /* ListViewController.m in Sources */ = {isa = PBXBuildFile; fileRef = EE2DE74D0E1C297200D97653 /* ListViewController.m */; };
		EE563872109DFB1D00D6C4E6 /* EponymViewController.m in Sources */ = {isa = PBXBuildFile; fileRef = EE2DE7520E1C297F00D97653 /* EponymViewController.m */; };
		EE563873109DFB1D00D6C4E6 /* CategoriesViewController.m in Sources */ = {isa = PBXBuildFile; fileRef = EE2DE7AB0E1C2F7A00D97653 /* CategoriesViewController.m */; };
		EE563874109DFB1D00D6C4E6 /* Eponym.m in Sources */ = {isa = PBXBuildFile; fileRef = EE2DE9DD0E2125C700D97653 /* Eponym.m */; };
		EE563875109DFB1D00D6C4E6 /* EponymUpdater.m in Sources */ = {isa = PBXBuildFile; fileRef = EE1443E90E23A576003EA64C /* EponymUpdater.m */; };
		EE563877109DFB1D00D6C4E6 /* EponymCategory.m in Sources */ = {isa = PBXBuildFile; fileRef = EE89C9FF0E6059280016A781 /* EponymCategory.m */; };
		EE563878109DFB1D00D6C4E6 /* TouchTableView.m in Sources */ = {isa = PBXBuildFile; fileRef = EE89CD5E0E6170EE0016A781 /* TouchTableView.m */; };
		EE56387A109DFB1D00D6C4E6 /* libSQLiteUnicode.a in Frameworks */ = {isa = PBXBuildFile; fileRef = EE80ADF41025FF93007352AD /* libSQLiteUnicode.a */; };
		EE56387B109DFB1D00D6C4E6 /* Foundation.framework in Frameworks */ = {isa = PBXBuildFile; fileRef = 1D30AB110D05D00D00671497 /* Foundation.framework */; };
		EE56387C109DFB1D00D6C4E6 /* UIKit.framework in Frameworks */ = {isa = PBXBuildFile; fileRef = 1DF5F4DF0D08C38300B7A737 /* UIKit.framework */; };
		EE56387D109DFB1D00D6C4E6 /* CoreGraphics.framework in Frameworks */ = {isa = PBXBuildFile; fileRef = EED69F820E2BF41900BEF0C4 /* CoreGraphics.framework */; };
		EE56387E109DFB1D00D6C4E6 /* libGoogleAds.a in Frameworks */ = {isa = PBXBuildFile; fileRef = EE563847109DFAAE00D6C4E6 /* libGoogleAds.a */; };
		EE563940109E186200D6C4E6 /* MCTextView.m in Sources */ = {isa = PBXBuildFile; fileRef = EE56393F109E186200D6C4E6 /* MCTextView.m */; };
		EE563BCC109E4BAE00D6C4E6 /* MCTextView.m in Sources */ = {isa = PBXBuildFile; fileRef = EE56393F109E186200D6C4E6 /* MCTextView.m */; };
		EE5A6C7F10B831840092053C /* Icon-student.png in Resources */ = {isa = PBXBuildFile; fileRef = EE5A6C7E10B831840092053C /* Icon-student.png */; };
		EE5A6DF610B88ECE0092053C /* BlueRoundedButton.png in Resources */ = {isa = PBXBuildFile; fileRef = EE5A6DF510B88ECE0092053C /* BlueRoundedButton.png */; };
		EE5A6DF710B88ECE0092053C /* BlueRoundedButton.png in Resources */ = {isa = PBXBuildFile; fileRef = EE5A6DF510B88ECE0092053C /* BlueRoundedButton.png */; };
		EE64C7C00E2680D40000BC8D /* eponyms.xml in Resources */ = {isa = PBXBuildFile; fileRef = EE64C7BF0E2680D40000BC8D /* eponyms.xml */; };
		EE66414F0E62A2220047D7ED /* Star_eponym_active.png in Resources */ = {isa = PBXBuildFile; fileRef = EE66414D0E62A2220047D7ED /* Star_eponym_active.png */; };
		EE6641500E62A2220047D7ED /* Star_eponym_inactive.png in Resources */ = {isa = PBXBuildFile; fileRef = EE66414E0E62A2220047D7ED /* Star_eponym_inactive.png */; };
		EE80AE12102605F3007352AD /* libSQLiteUnicode.a in Frameworks */ = {isa = PBXBuildFile; fileRef = EE80ADF41025FF93007352AD /* libSQLiteUnicode.a */; };
		EE89CA000E6059280016A781 /* EponymCategory.m in Sources */ = {isa = PBXBuildFile; fileRef = EE89C9FF0E6059280016A781 /* EponymCategory.m */; };
		EE89CD5F0E6170EE0016A781 /* TouchTableView.m in Sources */ = {isa = PBXBuildFile; fileRef = EE89CD5E0E6170EE0016A781 /* TouchTableView.m */; };
		EE89CE9D0E618B2C0016A781 /* Star_list_active.png in Resources */ = {isa = PBXBuildFile; fileRef = EE89CE9C0E618B2C0016A781 /* Star_list_active.png */; };
		EE8E56750E6CA69600928D90 /* ElevatedBar.png in Resources */ = {isa = PBXBuildFile; fileRef = EE8E56740E6CA69600928D90 /* ElevatedBar.png */; };
		EEAB00FA0E2E2F3E00D84A8A /* Info.txt in Resources */ = {isa = PBXBuildFile; fileRef = EEAB00F90E2E2F3E00D84A8A /* Info.txt */; };
		EECD008410A0DAAE002B06C6 /* PPHintableLabel.m in Sources */ = {isa = PBXBuildFile; fileRef = EECD008310A0DAAE002B06C6 /* PPHintableLabel.m */; };
		EECD008910A0DAC1002B06C6 /* PPHintView.m in Sources */ = {isa = PBXBuildFile; fileRef = EECD008610A0DAC1002B06C6 /* PPHintView.m */; };
		EECD008A10A0DAC1002B06C6 /* PPHintViewContainer.m in Sources */ = {isa = PBXBuildFile; fileRef = EECD008810A0DAC1002B06C6 /* PPHintViewContainer.m */; };
		EECD015610A0EC95002B06C6 /* PPHintViewContainer.m in Sources */ = {isa = PBXBuildFile; fileRef = EECD008810A0DAC1002B06C6 /* PPHintViewContainer.m */; };
		EECD015710A0EC95002B06C6 /* PPHintableLabel.m in Sources */ = {isa = PBXBuildFile; fileRef = EECD008310A0DAAE002B06C6 /* PPHintableLabel.m */; };
		EECD015810A0EC95002B06C6 /* PPHintView.m in Sources */ = {isa = PBXBuildFile; fileRef = EECD008610A0DAC1002B06C6 /* PPHintView.m */; };
		EED69F830E2BF41900BEF0C4 /* CoreGraphics.framework in Frameworks */ = {isa = PBXBuildFile; fileRef = EED69F820E2BF41900BEF0C4 /* CoreGraphics.framework */; };
		EEDB74DE10B89A76007782DA /* Eponyms.png in Resources */ = {isa = PBXBuildFile; fileRef = EEDB74DD10B89A76007782DA /* Eponyms.png */; };
		EEDB74ED10B89AF7007782DA /* Default.png in Resources */ = {isa = PBXBuildFile; fileRef = EEDB74EC10B89AF7007782DA /* Default.png */; };
		EEF9F2940EA74928002F024E /* Entitlements.plist in Resources */ = {isa = PBXBuildFile; fileRef = EEF9F2930EA74928002F024E /* Entitlements.plist */; };
/* End PBXBuildFile section */

/* Begin PBXContainerItemProxy section */
		EE80ADF31025FF93007352AD /* PBXContainerItemProxy */ = {
			isa = PBXContainerItemProxy;
			containerPortal = EE80AD071024C7C4007352AD /* SQLiteUnicode.xcodeproj */;
			proxyType = 2;
			remoteGlobalIDString = D2AAC07E0554694100DB518D;
			remoteInfo = SQLiteUnicode;
		};
		EE80AE10102605E2007352AD /* PBXContainerItemProxy */ = {
			isa = PBXContainerItemProxy;
			containerPortal = EE80AD071024C7C4007352AD /* SQLiteUnicode.xcodeproj */;
			proxyType = 1;
			remoteGlobalIDString = D2AAC07D0554694100DB518D;
			remoteInfo = SQLiteUnicode;
		};
		EECD01F710A0F341002B06C6 /* PBXContainerItemProxy */ = {
			isa = PBXContainerItemProxy;
			containerPortal = EE80AD071024C7C4007352AD /* SQLiteUnicode.xcodeproj */;
			proxyType = 1;
			remoteGlobalIDString = D2AAC07D0554694100DB518D;
			remoteInfo = SQLiteUnicode;
		};
/* End PBXContainerItemProxy section */

/* Begin PBXFileReference section */
		1D30AB110D05D00D00671497 /* Foundation.framework */ = {isa = PBXFileReference; lastKnownFileType = wrapper.framework; name = Foundation.framework; path = System/Library/Frameworks/Foundation.framework; sourceTree = SDKROOT; };
		1D3623240D0F684500981E51 /* eponyms_touchAppDelegate.h */ = {isa = PBXFileReference; fileEncoding = 4; lastKnownFileType = sourcecode.c.h; path = eponyms_touchAppDelegate.h; sourceTree = "<group>"; };
		1D3623250D0F684500981E51 /* eponyms_touchAppDelegate.m */ = {isa = PBXFileReference; fileEncoding = 4; lastKnownFileType = sourcecode.c.objc; path = eponyms_touchAppDelegate.m; sourceTree = "<group>"; };
		1D6058910D05DD3D006BFB54 /* eponyms-touch.app */ = {isa = PBXFileReference; explicitFileType = wrapper.application; includeInIndex = 0; path = "eponyms-touch.app"; sourceTree = BUILT_PRODUCTS_DIR; };
		1DF5F4DF0D08C38300B7A737 /* UIKit.framework */ = {isa = PBXFileReference; lastKnownFileType = wrapper.framework; name = UIKit.framework; path = System/Library/Frameworks/UIKit.framework; sourceTree = SDKROOT; };
		28AD733E0D9D9553002E5188 /* MainWindow.xib */ = {isa = PBXFileReference; lastKnownFileType = file.xib; path = MainWindow.xib; sourceTree = "<group>"; };
		29B97316FDCFA39411CA2CEA /* main.m */ = {isa = PBXFileReference; fileEncoding = 4; lastKnownFileType = sourcecode.c.objc; path = main.m; sourceTree = "<group>"; };
		32CA4F630368D1EE00C91783 /* eponyms_touch_Prefix.pch */ = {isa = PBXFileReference; fileEncoding = 4; lastKnownFileType = sourcecode.c.h; path = eponyms_touch_Prefix.pch; sourceTree = "<group>"; };
		8D1107310486CEB800E47090 /* Info.plist */ = {isa = PBXFileReference; fileEncoding = 4; lastKnownFileType = text.plist.xml; path = Info.plist; sourceTree = "<group>"; };
		EE01C9C90E61CEF00050376E /* TouchTableViewDelegate.h */ = {isa = PBXFileReference; fileEncoding = 4; lastKnownFileType = sourcecode.c.h; path = TouchTableViewDelegate.h; sourceTree = "<group>"; };
		EE14428E0E236E10003EA64C /* InfoView.xib */ = {isa = PBXFileReference; lastKnownFileType = file.xib; path = InfoView.xib; sourceTree = "<group>"; };
		EE1443E80E23A576003EA64C /* EponymUpdater.h */ = {isa = PBXFileReference; fileEncoding = 4; lastKnownFileType = sourcecode.c.h; path = EponymUpdater.h; sourceTree = "<group>"; };
		EE1443E90E23A576003EA64C /* EponymUpdater.m */ = {isa = PBXFileReference; fileEncoding = 4; lastKnownFileType = sourcecode.c.objc; path = EponymUpdater.m; sourceTree = "<group>"; };
		EE2DE6B40E1AE31800D97653 /* Eponyms.png */ = {isa = PBXFileReference; lastKnownFileType = image.png; path = Eponyms.png; sourceTree = "<group>"; };
		EE2DE6B80E1AE38200D97653 /* InfoViewController.h */ = {isa = PBXFileReference; fileEncoding = 4; lastKnownFileType = sourcecode.c.h; name = InfoViewController.h; path = ../InfoViewController.h; sourceTree = "<group>"; };
		EE2DE6B90E1AE38200D97653 /* InfoViewController.m */ = {isa = PBXFileReference; fileEncoding = 4; lastKnownFileType = sourcecode.c.objc; name = InfoViewController.m; path = ../InfoViewController.m; sourceTree = "<group>"; };
		EE2DE74C0E1C297200D97653 /* ListViewController.h */ = {isa = PBXFileReference; fileEncoding = 4; lastKnownFileType = sourcecode.c.h; path = ListViewController.h; sourceTree = "<group>"; };
		EE2DE74D0E1C297200D97653 /* ListViewController.m */ = {isa = PBXFileReference; fileEncoding = 4; lastKnownFileType = sourcecode.c.objc; path = ListViewController.m; sourceTree = "<group>"; };
		EE2DE7510E1C297F00D97653 /* EponymViewController.h */ = {isa = PBXFileReference; fileEncoding = 4; lastKnownFileType = sourcecode.c.h; path = EponymViewController.h; sourceTree = "<group>"; };
		EE2DE7520E1C297F00D97653 /* EponymViewController.m */ = {isa = PBXFileReference; fileEncoding = 4; lastKnownFileType = sourcecode.c.objc; path = EponymViewController.m; sourceTree = "<group>"; };
		EE2DE7AA0E1C2F7A00D97653 /* CategoriesViewController.h */ = {isa = PBXFileReference; fileEncoding = 4; lastKnownFileType = sourcecode.c.h; path = CategoriesViewController.h; sourceTree = "<group>"; };
		EE2DE7AB0E1C2F7A00D97653 /* CategoriesViewController.m */ = {isa = PBXFileReference; fileEncoding = 4; lastKnownFileType = sourcecode.c.objc; path = CategoriesViewController.m; sourceTree = "<group>"; };
		EE2DE9DC0E2125C700D97653 /* Eponym.h */ = {isa = PBXFileReference; fileEncoding = 4; lastKnownFileType = sourcecode.c.h; path = Eponym.h; sourceTree = "<group>"; };
		EE2DE9DD0E2125C700D97653 /* Eponym.m */ = {isa = PBXFileReference; fileEncoding = 4; lastKnownFileType = sourcecode.c.objc; path = Eponym.m; sourceTree = "<group>"; };
		EE2DEDF90E229B9B00D97653 /* Icon.png */ = {isa = PBXFileReference; lastKnownFileType = image.png; path = Icon.png; sourceTree = "<group>"; };
		EE2DEDFE0E229DB700D97653 /* Default.png */ = {isa = PBXFileReference; lastKnownFileType = image.png; path = Default.png; sourceTree = "<group>"; };
		EE380FA50E97B3180066BA6E /* eponyms_info.xml */ = {isa = PBXFileReference; fileEncoding = 4; lastKnownFileType = text.xml; path = eponyms_info.xml; sourceTree = "<group>"; };
		EE3BC3C00E6ACEBF0051B69D /* Badge_new_eponyms.png */ = {isa = PBXFileReference; lastKnownFileType = image.png; path = Badge_new_eponyms.png; sourceTree = "<group>"; };
		EE3BC4420E6ADECB0051B69D /* InfoBackground.png */ = {isa = PBXFileReference; lastKnownFileType = image.png; path = InfoBackground.png; sourceTree = "<group>"; };
		EE4B74E90E2EB35500F7B157 /* NOTICE.txt */ = {isa = PBXFileReference; fileEncoding = 4; lastKnownFileType = text; path = NOTICE.txt; sourceTree = "<group>"; };
		EE4B74EF0E2EB53800F7B157 /* LICENSE.txt */ = {isa = PBXFileReference; fileEncoding = 4; lastKnownFileType = text; path = LICENSE.txt; sourceTree = "<group>"; };
		EE563845109DFAAE00D6C4E6 /* GADAdSenseParameters.h */ = {isa = PBXFileReference; fileEncoding = 4; lastKnownFileType = sourcecode.c.h; path = GADAdSenseParameters.h; sourceTree = "<group>"; };
		EE563846109DFAAE00D6C4E6 /* GADAdViewController.h */ = {isa = PBXFileReference; fileEncoding = 4; lastKnownFileType = sourcecode.c.h; path = GADAdViewController.h; sourceTree = "<group>"; };
		EE563847109DFAAE00D6C4E6 /* libGoogleAds.a */ = {isa = PBXFileReference; lastKnownFileType = archive.ar; path = libGoogleAds.a; sourceTree = "<group>"; };
		EE563884109DFB1D00D6C4E6 /* eponyms-student.app */ = {isa = PBXFileReference; explicitFileType = wrapper.application; includeInIndex = 0; path = "eponyms-student.app"; sourceTree = BUILT_PRODUCTS_DIR; };
		EE56388D109DFC0C00D6C4E6 /* Info-student.plist */ = {isa = PBXFileReference; fileEncoding = 4; lastKnownFileType = text.plist.xml; path = "Info-student.plist"; sourceTree = "<group>"; };
		EE56393E109E186200D6C4E6 /* MCTextView.h */ = {isa = PBXFileReference; fileEncoding = 4; lastKnownFileType = sourcecode.c.h; path = MCTextView.h; sourceTree = "<group>"; };
		EE56393F109E186200D6C4E6 /* MCTextView.m */ = {isa = PBXFileReference; fileEncoding = 4; lastKnownFileType = sourcecode.c.objc; path = MCTextView.m; sourceTree = "<group>"; };
		EE5A6C7E10B831840092053C /* Icon-student.png */ = {isa = PBXFileReference; lastKnownFileType = image.png; path = "Icon-student.png"; sourceTree = "<group>"; };
		EE5A6DF510B88ECE0092053C /* BlueRoundedButton.png */ = {isa = PBXFileReference; lastKnownFileType = image.png; path = BlueRoundedButton.png; sourceTree = "<group>"; };
		EE64C7BF0E2680D40000BC8D /* eponyms.xml */ = {isa = PBXFileReference; fileEncoding = 4; lastKnownFileType = text.xml; path = eponyms.xml; sourceTree = "<group>"; };
		EE66414D0E62A2220047D7ED /* Star_eponym_active.png */ = {isa = PBXFileReference; lastKnownFileType = image.png; path = Star_eponym_active.png; sourceTree = "<group>"; };
		EE66414E0E62A2220047D7ED /* Star_eponym_inactive.png */ = {isa = PBXFileReference; lastKnownFileType = image.png; path = Star_eponym_inactive.png; sourceTree = "<group>"; };
		EE80AD071024C7C4007352AD /* SQLiteUnicode.xcodeproj */ = {isa = PBXFileReference; lastKnownFileType = "wrapper.pb-project"; name = SQLiteUnicode.xcodeproj; path = ../SQLiteUnicode/SQLiteUnicode.xcodeproj; sourceTree = SOURCE_ROOT; };
		EE89C9E70E6058A60016A781 /* EponymCategory.h */ = {isa = PBXFileReference; fileEncoding = 4; lastKnownFileType = sourcecode.c.h; path = EponymCategory.h; sourceTree = "<group>"; };
		EE89C9FF0E6059280016A781 /* EponymCategory.m */ = {isa = PBXFileReference; fileEncoding = 4; lastKnownFileType = sourcecode.c.objc; path = EponymCategory.m; sourceTree = "<group>"; };
		EE89CD5D0E6170EE0016A781 /* TouchTableView.h */ = {isa = PBXFileReference; fileEncoding = 4; lastKnownFileType = sourcecode.c.h; path = TouchTableView.h; sourceTree = "<group>"; };
		EE89CD5E0E6170EE0016A781 /* TouchTableView.m */ = {isa = PBXFileReference; fileEncoding = 4; lastKnownFileType = sourcecode.c.objc; path = TouchTableView.m; sourceTree = "<group>"; };
		EE89CE9C0E618B2C0016A781 /* Star_list_active.png */ = {isa = PBXFileReference; lastKnownFileType = image.png; path = Star_list_active.png; sourceTree = "<group>"; };
		EE8E56740E6CA69600928D90 /* ElevatedBar.png */ = {isa = PBXFileReference; lastKnownFileType = image.png; path = ElevatedBar.png; sourceTree = "<group>"; };
		EEAB00F90E2E2F3E00D84A8A /* Info.txt */ = {isa = PBXFileReference; fileEncoding = 4; lastKnownFileType = text; path = Info.txt; sourceTree = "<group>"; };
		EEBA8F120E66E727002D6DDC /* EponymUpdaterDelegate.h */ = {isa = PBXFileReference; fileEncoding = 4; lastKnownFileType = sourcecode.c.h; path = EponymUpdaterDelegate.h; sourceTree = "<group>"; };
		EECD008210A0DAAE002B06C6 /* PPHintableLabel.h */ = {isa = PBXFileReference; fileEncoding = 4; lastKnownFileType = sourcecode.c.h; path = PPHintableLabel.h; sourceTree = "<group>"; };
		EECD008310A0DAAE002B06C6 /* PPHintableLabel.m */ = {isa = PBXFileReference; fileEncoding = 4; lastKnownFileType = sourcecode.c.objc; path = PPHintableLabel.m; sourceTree = "<group>"; };
		EECD008510A0DAC1002B06C6 /* PPHintView.h */ = {isa = PBXFileReference; fileEncoding = 4; lastKnownFileType = sourcecode.c.h; path = PPHintView.h; sourceTree = "<group>"; };
		EECD008610A0DAC1002B06C6 /* PPHintView.m */ = {isa = PBXFileReference; fileEncoding = 4; lastKnownFileType = sourcecode.c.objc; path = PPHintView.m; sourceTree = "<group>"; };
		EECD008710A0DAC1002B06C6 /* PPHintViewContainer.h */ = {isa = PBXFileReference; fileEncoding = 4; lastKnownFileType = sourcecode.c.h; path = PPHintViewContainer.h; sourceTree = "<group>"; };
		EECD008810A0DAC1002B06C6 /* PPHintViewContainer.m */ = {isa = PBXFileReference; fileEncoding = 4; lastKnownFileType = sourcecode.c.objc; path = PPHintViewContainer.m; sourceTree = "<group>"; };
		EED69F820E2BF41900BEF0C4 /* CoreGraphics.framework */ = {isa = PBXFileReference; lastKnownFileType = wrapper.framework; name = CoreGraphics.framework; path = System/Library/Frameworks/CoreGraphics.framework; sourceTree = SDKROOT; };
		EEDB74DD10B89A76007782DA /* Eponyms.png */ = {isa = PBXFileReference; lastKnownFileType = image.png; path = Eponyms.png; sourceTree = "<group>"; };
		EEDB74EC10B89AF7007782DA /* Default.png */ = {isa = PBXFileReference; lastKnownFileType = image.png; path = Default.png; sourceTree = "<group>"; };
		EEF9F2930EA74928002F024E /* Entitlements.plist */ = {isa = PBXFileReference; fileEncoding = 4; lastKnownFileType = text.plist.xml; path = Entitlements.plist; sourceTree = "<group>"; };
		EEFA119210A38F3D0041A4D7 /* GoogleAdSenseClient.h */ = {isa = PBXFileReference; fileEncoding = 4; lastKnownFileType = sourcecode.c.h; path = GoogleAdSenseClient.h; sourceTree = "<group>"; };
/* End PBXFileReference section */

/* Begin PBXFrameworksBuildPhase section */
		1D60588F0D05DD3D006BFB54 /* Frameworks */ = {
			isa = PBXFrameworksBuildPhase;
			buildActionMask = 2147483647;
			files = (
				EE80AE12102605F3007352AD /* libSQLiteUnicode.a in Frameworks */,
				1D60589F0D05DD5A006BFB54 /* Foundation.framework in Frameworks */,
				1DF5F4E00D08C38300B7A737 /* UIKit.framework in Frameworks */,
				EED69F830E2BF41900BEF0C4 /* CoreGraphics.framework in Frameworks */,
			);
			runOnlyForDeploymentPostprocessing = 0;
		};
		EE563879109DFB1D00D6C4E6 /* Frameworks */ = {
			isa = PBXFrameworksBuildPhase;
			buildActionMask = 2147483647;
			files = (
				EE56387A109DFB1D00D6C4E6 /* libSQLiteUnicode.a in Frameworks */,
				EE56387B109DFB1D00D6C4E6 /* Foundation.framework in Frameworks */,
				EE56387C109DFB1D00D6C4E6 /* UIKit.framework in Frameworks */,
				EE56387D109DFB1D00D6C4E6 /* CoreGraphics.framework in Frameworks */,
				EE56387E109DFB1D00D6C4E6 /* libGoogleAds.a in Frameworks */,
			);
			runOnlyForDeploymentPostprocessing = 0;
		};
/* End PBXFrameworksBuildPhase section */

/* Begin PBXGroup section */
		080E96DDFE201D6D7F000001 /* Classes */ = {
			isa = PBXGroup;
			children = (
				1D3623240D0F684500981E51 /* eponyms_touchAppDelegate.h */,
				1D3623250D0F684500981E51 /* eponyms_touchAppDelegate.m */,
				EE89C9E70E6058A60016A781 /* EponymCategory.h */,
				EE89C9FF0E6059280016A781 /* EponymCategory.m */,
				EE2DE9DC0E2125C700D97653 /* Eponym.h */,
				EE2DE9DD0E2125C700D97653 /* Eponym.m */,
				EEBA8F120E66E727002D6DDC /* EponymUpdaterDelegate.h */,
				EE1443E80E23A576003EA64C /* EponymUpdater.h */,
				EE1443E90E23A576003EA64C /* EponymUpdater.m */,
				EE2DE7AD0E1C2F8600D97653 /* View Controllers */,
				EE89CD880E6174C00016A781 /* Subclasses */,
			);
			path = Classes;
			sourceTree = "<group>";
		};
		19C28FACFE9D520D11CA2CBB /* Products */ = {
			isa = PBXGroup;
			children = (
				1D6058910D05DD3D006BFB54 /* eponyms-touch.app */,
				EE563884109DFB1D00D6C4E6 /* eponyms-student.app */,
			);
			name = Products;
			sourceTree = "<group>";
		};
		29B97314FDCFA39411CA2CEA /* CustomTemplate */ = {
			isa = PBXGroup;
			children = (
				EE80AD071024C7C4007352AD /* SQLiteUnicode.xcodeproj */,
				080E96DDFE201D6D7F000001 /* Classes */,
				29B97315FDCFA39411CA2CEA /* Other Sources */,
				EE56383A109DFA7A00D6C4E6 /* GoogleAds */,
				EE2DE6B30E1AE30C00D97653 /* Images */,
				29B97317FDCFA39411CA2CEA /* Resources */,
				29B97323FDCFA39411CA2CEA /* Frameworks */,
				19C28FACFE9D520D11CA2CBB /* Products */,
			);
			name = CustomTemplate;
			sourceTree = "<group>";
		};
		29B97315FDCFA39411CA2CEA /* Other Sources */ = {
			isa = PBXGroup;
			children = (
				32CA4F630368D1EE00C91783 /* eponyms_touch_Prefix.pch */,
				29B97316FDCFA39411CA2CEA /* main.m */,
			);
			name = "Other Sources";
			sourceTree = "<group>";
		};
		29B97317FDCFA39411CA2CEA /* Resources */ = {
			isa = PBXGroup;
			children = (
				28AD733E0D9D9553002E5188 /* MainWindow.xib */,
				EE14428E0E236E10003EA64C /* InfoView.xib */,
				8D1107310486CEB800E47090 /* Info.plist */,
				EE56388D109DFC0C00D6C4E6 /* Info-student.plist */,
				EE4B74EF0E2EB53800F7B157 /* LICENSE.txt */,
				EE4B74E90E2EB35500F7B157 /* NOTICE.txt */,
				EEAB00F90E2E2F3E00D84A8A /* Info.txt */,
				EE64C7BF0E2680D40000BC8D /* eponyms.xml */,
				EE380FA50E97B3180066BA6E /* eponyms_info.xml */,
				EEF9F2930EA74928002F024E /* Entitlements.plist */,
			);
			name = Resources;
			sourceTree = "<group>";
		};
		29B97323FDCFA39411CA2CEA /* Frameworks */ = {
			isa = PBXGroup;
			children = (
				EED69F820E2BF41900BEF0C4 /* CoreGraphics.framework */,
				1DF5F4DF0D08C38300B7A737 /* UIKit.framework */,
				1D30AB110D05D00D00671497 /* Foundation.framework */,
			);
			name = Frameworks;
			sourceTree = "<group>";
		};
		EE2DE6B30E1AE30C00D97653 /* Images */ = {
			isa = PBXGroup;
			children = (
				EEDB74CB10B89953007782DA /* FullVersion */,
				EEDB74CA10B8994A007782DA /* StudentVersion */,
				EE3BC4420E6ADECB0051B69D /* InfoBackground.png */,
				EE3BC3C00E6ACEBF0051B69D /* Badge_new_eponyms.png */,
				EE66414D0E62A2220047D7ED /* Star_eponym_active.png */,
				EE66414E0E62A2220047D7ED /* Star_eponym_inactive.png */,
				EE89CE9C0E618B2C0016A781 /* Star_list_active.png */,
				EE8E56740E6CA69600928D90 /* ElevatedBar.png */,
				EE5A6DF510B88ECE0092053C /* BlueRoundedButton.png */,
			);
			name = Images;
			sourceTree = "<group>";
		};
		EE2DE7AD0E1C2F8600D97653 /* View Controllers */ = {
			isa = PBXGroup;
			children = (
				EE2DE7AA0E1C2F7A00D97653 /* CategoriesViewController.h */,
				EE2DE7AB0E1C2F7A00D97653 /* CategoriesViewController.m */,
				EE2DE74C0E1C297200D97653 /* ListViewController.h */,
				EE2DE74D0E1C297200D97653 /* ListViewController.m */,
				EE2DE7510E1C297F00D97653 /* EponymViewController.h */,
				EE2DE7520E1C297F00D97653 /* EponymViewController.m */,
				EE2DE6B80E1AE38200D97653 /* InfoViewController.h */,
				EE2DE6B90E1AE38200D97653 /* InfoViewController.m */,
			);
			name = "View Controllers";
			sourceTree = "<group>";
		};
		EE56383A109DFA7A00D6C4E6 /* GoogleAds */ = {
			isa = PBXGroup;
			children = (
				EEFA119210A38F3D0041A4D7 /* GoogleAdSenseClient.h */,
				EE563845109DFAAE00D6C4E6 /* GADAdSenseParameters.h */,
				EE563846109DFAAE00D6C4E6 /* GADAdViewController.h */,
				EE563847109DFAAE00D6C4E6 /* libGoogleAds.a */,
			);
			path = GoogleAds;
			sourceTree = "<group>";
		};
		EE80ADF01025FF93007352AD /* Products */ = {
			isa = PBXGroup;
			children = (
				EE80ADF41025FF93007352AD /* libSQLiteUnicode.a */,
			);
			name = Products;
			sourceTree = "<group>";
		};
		EE89CD880E6174C00016A781 /* Subclasses */ = {
			isa = PBXGroup;
			children = (
				EE01C9C90E61CEF00050376E /* TouchTableViewDelegate.h */,
				EE89CD5D0E6170EE0016A781 /* TouchTableView.h */,
				EE89CD5E0E6170EE0016A781 /* TouchTableView.m */,
				EE56393E109E186200D6C4E6 /* MCTextView.h */,
				EE56393F109E186200D6C4E6 /* MCTextView.m */,
				EECD008210A0DAAE002B06C6 /* PPHintableLabel.h */,
				EECD008310A0DAAE002B06C6 /* PPHintableLabel.m */,
				EECD008510A0DAC1002B06C6 /* PPHintView.h */,
				EECD008610A0DAC1002B06C6 /* PPHintView.m */,
				EECD008710A0DAC1002B06C6 /* PPHintViewContainer.h */,
				EECD008810A0DAC1002B06C6 /* PPHintViewContainer.m */,
			);
			name = Subclasses;
			sourceTree = "<group>";
		};
		EEDB74CA10B8994A007782DA /* StudentVersion */ = {
			isa = PBXGroup;
			children = (
				EEDB74EC10B89AF7007782DA /* Default.png */,
				EE5A6C7E10B831840092053C /* Icon-student.png */,
				EE2DE6B40E1AE31800D97653 /* Eponyms.png */,
			);
			path = StudentVersion;
			sourceTree = "<group>";
		};
		EEDB74CB10B89953007782DA /* FullVersion */ = {
			isa = PBXGroup;
			children = (
				EE2DEDFE0E229DB700D97653 /* Default.png */,
				EE2DEDF90E229B9B00D97653 /* Icon.png */,
				EEDB74DD10B89A76007782DA /* Eponyms.png */,
			);
			path = FullVersion;
			sourceTree = "<group>";
		};
/* End PBXGroup section */

/* Begin PBXNativeTarget section */
		1D6058900D05DD3D006BFB54 /* eponyms-touch */ = {
			isa = PBXNativeTarget;
			buildConfigurationList = 1D6058960D05DD3E006BFB54 /* Build configuration list for PBXNativeTarget "eponyms-touch" */;
			buildPhases = (
				1D60588D0D05DD3D006BFB54 /* Resources */,
				1D60588E0D05DD3D006BFB54 /* Sources */,
				1D60588F0D05DD3D006BFB54 /* Frameworks */,
			);
			buildRules = (
			);
			dependencies = (
				EE80AE11102605E2007352AD /* PBXTargetDependency */,
			);
			name = "eponyms-touch";
			productName = "eponyms-touch";
			productReference = 1D6058910D05DD3D006BFB54 /* eponyms-touch.app */;
			productType = "com.apple.product-type.application";
		};
		EE563857109DFB1D00D6C4E6 /* eponyms-student */ = {
			isa = PBXNativeTarget;
			buildConfigurationList = EE56387F109DFB1D00D6C4E6 /* Build configuration list for PBXNativeTarget "eponyms-student" */;
			buildPhases = (
				EE56385A109DFB1D00D6C4E6 /* Resources */,
				EE56386D109DFB1D00D6C4E6 /* Sources */,
				EE563879109DFB1D00D6C4E6 /* Frameworks */,
			);
			buildRules = (
			);
			dependencies = (
				EECD01F810A0F341002B06C6 /* PBXTargetDependency */,
			);
			name = "eponyms-student";
			productName = "eponyms-touch";
			productReference = EE563884109DFB1D00D6C4E6 /* eponyms-student.app */;
			productType = "com.apple.product-type.application";
		};
/* End PBXNativeTarget section */

/* Begin PBXProject section */
		29B97313FDCFA39411CA2CEA /* Project object */ = {
			isa = PBXProject;
			buildConfigurationList = C01FCF4E08A954540054247B /* Build configuration list for PBXProject "eponyms-touch" */;
			compatibilityVersion = "Xcode 3.1";
			hasScannedForEncodings = 1;
			mainGroup = 29B97314FDCFA39411CA2CEA /* CustomTemplate */;
			projectDirPath = "";
			projectReferences = (
				{
					ProductGroup = EE80ADF01025FF93007352AD /* Products */;
					ProjectRef = EE80AD071024C7C4007352AD /* SQLiteUnicode.xcodeproj */;
				},
			);
			projectRoot = "";
			targets = (
				1D6058900D05DD3D006BFB54 /* eponyms-touch */,
				EE563857109DFB1D00D6C4E6 /* eponyms-student */,
			);
		};
/* End PBXProject section */

/* Begin PBXReferenceProxy section */
		EE80ADF41025FF93007352AD /* libSQLiteUnicode.a */ = {
			isa = PBXReferenceProxy;
			fileType = archive.ar;
			path = libSQLiteUnicode.a;
			remoteRef = EE80ADF31025FF93007352AD /* PBXContainerItemProxy */;
			sourceTree = BUILT_PRODUCTS_DIR;
		};
/* End PBXReferenceProxy section */

/* Begin PBXResourcesBuildPhase section */
		1D60588D0D05DD3D006BFB54 /* Resources */ = {
			isa = PBXResourcesBuildPhase;
			buildActionMask = 2147483647;
			files = (
				28AD733F0D9D9553002E5188 /* MainWindow.xib in Resources */,
				EE2DEDFA0E229B9B00D97653 /* Icon.png in Resources */,
				EE2DEDFF0E229DB700D97653 /* Default.png in Resources */,
				EE14428F0E236E10003EA64C /* InfoView.xib in Resources */,
				EE64C7C00E2680D40000BC8D /* eponyms.xml in Resources */,
				EEAB00FA0E2E2F3E00D84A8A /* Info.txt in Resources */,
				EE4B74EA0E2EB35500F7B157 /* NOTICE.txt in Resources */,
				EE4B74F00E2EB53800F7B157 /* LICENSE.txt in Resources */,
				EE89CE9D0E618B2C0016A781 /* Star_list_active.png in Resources */,
				EE66414F0E62A2220047D7ED /* Star_eponym_active.png in Resources */,
				EE6641500E62A2220047D7ED /* Star_eponym_inactive.png in Resources */,
				EE3BC3C10E6ACEBF0051B69D /* Badge_new_eponyms.png in Resources */,
				EE3BC4430E6ADECB0051B69D /* InfoBackground.png in Resources */,
				EE8E56750E6CA69600928D90 /* ElevatedBar.png in Resources */,
				EE380FA60E97B3180066BA6E /* eponyms_info.xml in Resources */,
				EEF9F2940EA74928002F024E /* Entitlements.plist in Resources */,
				EE5A6DF710B88ECE0092053C /* BlueRoundedButton.png in Resources */,
				EEDB74DE10B89A76007782DA /* Eponyms.png in Resources */,
			);
			runOnlyForDeploymentPostprocessing = 0;
		};
		EE56385A109DFB1D00D6C4E6 /* Resources */ = {
			isa = PBXResourcesBuildPhase;
			buildActionMask = 2147483647;
			files = (
				EE56385B109DFB1D00D6C4E6 /* MainWindow.xib in Resources */,
				EE56385C109DFB1D00D6C4E6 /* Eponyms.png in Resources */,
				EE56385F109DFB1D00D6C4E6 /* InfoView.xib in Resources */,
				EE563860109DFB1D00D6C4E6 /* eponyms.xml in Resources */,
				EE563861109DFB1D00D6C4E6 /* Info.txt in Resources */,
				EE563862109DFB1D00D6C4E6 /* NOTICE.txt in Resources */,
				EE563863109DFB1D00D6C4E6 /* LICENSE.txt in Resources */,
				EE563864109DFB1D00D6C4E6 /* Star_list_active.png in Resources */,
				EE563865109DFB1D00D6C4E6 /* Star_eponym_active.png in Resources */,
				EE563866109DFB1D00D6C4E6 /* Star_eponym_inactive.png in Resources */,
				EE563867109DFB1D00D6C4E6 /* Badge_new_eponyms.png in Resources */,
				EE563868109DFB1D00D6C4E6 /* InfoBackground.png in Resources */,
				EE563869109DFB1D00D6C4E6 /* ElevatedBar.png in Resources */,
				EE56386A109DFB1D00D6C4E6 /* eponyms_info.xml in Resources */,
				EE56386B109DFB1D00D6C4E6 /* Entitlements.plist in Resources */,
				EE5A6C7F10B831840092053C /* Icon-student.png in Resources */,
				EE5A6DF610B88ECE0092053C /* BlueRoundedButton.png in Resources */,
				EEDB74ED10B89AF7007782DA /* Default.png in Resources */,
			);
			runOnlyForDeploymentPostprocessing = 0;
		};
/* End PBXResourcesBuildPhase section */

/* Begin PBXSourcesBuildPhase section */
		1D60588E0D05DD3D006BFB54 /* Sources */ = {
			isa = PBXSourcesBuildPhase;
			buildActionMask = 2147483647;
			files = (
				1D60589B0D05DD56006BFB54 /* main.m in Sources */,
				1D3623260D0F684500981E51 /* eponyms_touchAppDelegate.m in Sources */,
				EE2DE6BA0E1AE38200D97653 /* InfoViewController.m in Sources */,
				EE2DE74E0E1C297200D97653 /* ListViewController.m in Sources */,
				EE2DE7530E1C297F00D97653 /* EponymViewController.m in Sources */,
				EE2DE7AC0E1C2F7A00D97653 /* CategoriesViewController.m in Sources */,
				EE2DE9DE0E2125C700D97653 /* Eponym.m in Sources */,
				EE1443EA0E23A576003EA64C /* EponymUpdater.m in Sources */,
				EE89CA000E6059280016A781 /* EponymCategory.m in Sources */,
				EE89CD5F0E6170EE0016A781 /* TouchTableView.m in Sources */,
				EE563940109E186200D6C4E6 /* MCTextView.m in Sources */,
				EECD008410A0DAAE002B06C6 /* PPHintableLabel.m in Sources */,
				EECD008910A0DAC1002B06C6 /* PPHintView.m in Sources */,
				EECD008A10A0DAC1002B06C6 /* PPHintViewContainer.m in Sources */,
			);
			runOnlyForDeploymentPostprocessing = 0;
		};
		EE56386D109DFB1D00D6C4E6 /* Sources */ = {
			isa = PBXSourcesBuildPhase;
			buildActionMask = 2147483647;
			files = (
				EE56386E109DFB1D00D6C4E6 /* main.m in Sources */,
				EE56386F109DFB1D00D6C4E6 /* eponyms_touchAppDelegate.m in Sources */,
				EE563870109DFB1D00D6C4E6 /* InfoViewController.m in Sources */,
				EE563871109DFB1D00D6C4E6 /* ListViewController.m in Sources */,
				EE563872109DFB1D00D6C4E6 /* EponymViewController.m in Sources */,
				EE563873109DFB1D00D6C4E6 /* CategoriesViewController.m in Sources */,
				EE563874109DFB1D00D6C4E6 /* Eponym.m in Sources */,
				EE563875109DFB1D00D6C4E6 /* EponymUpdater.m in Sources */,
				EE563877109DFB1D00D6C4E6 /* EponymCategory.m in Sources */,
				EE563878109DFB1D00D6C4E6 /* TouchTableView.m in Sources */,
				EE563BCC109E4BAE00D6C4E6 /* MCTextView.m in Sources */,
				EECD015610A0EC95002B06C6 /* PPHintViewContainer.m in Sources */,
				EECD015710A0EC95002B06C6 /* PPHintableLabel.m in Sources */,
				EECD015810A0EC95002B06C6 /* PPHintView.m in Sources */,
			);
			runOnlyForDeploymentPostprocessing = 0;
		};
/* End PBXSourcesBuildPhase section */

/* Begin PBXTargetDependency section */
		EE80AE11102605E2007352AD /* PBXTargetDependency */ = {
			isa = PBXTargetDependency;
			name = SQLiteUnicode;
			targetProxy = EE80AE10102605E2007352AD /* PBXContainerItemProxy */;
		};
		EECD01F810A0F341002B06C6 /* PBXTargetDependency */ = {
			isa = PBXTargetDependency;
			name = SQLiteUnicode;
			targetProxy = EECD01F710A0F341002B06C6 /* PBXContainerItemProxy */;
		};
/* End PBXTargetDependency section */

/* Begin XCBuildConfiguration section */
		1D6058940D05DD3E006BFB54 /* Debug */ = {
			isa = XCBuildConfiguration;
			buildSettings = {
				ALWAYS_SEARCH_USER_PATHS = NO;
				CODE_SIGN_ENTITLEMENTS = "";
				"CODE_SIGN_IDENTITY[sdk=iphoneos*]" = "iPhone Developer";
				COPY_PHASE_STRIP = NO;
				GCC_DYNAMIC_NO_PIC = NO;
				GCC_OPTIMIZATION_LEVEL = 0;
				GCC_PRECOMPILE_PREFIX_HEADER = YES;
				GCC_PREFIX_HEADER = eponyms_touch_Prefix.pch;
				HEADER_SEARCH_PATHS = "\"${PROJECT_DIR}/../SQLiteUnicode/build/${BUILD_STYLE}-${PLATFORM_NAME}/usr/local/include\"";
				INFOPLIST_FILE = Info.plist;
				LIBRARY_SEARCH_PATHS = (
					"$(inherited)",
					"\"$(SRCROOT)\"",
					"\"$(SRCROOT)/GoogleAds\"",
				);
				PRODUCT_NAME = "eponyms-touch";
				"PROVISIONING_PROFILE[sdk=iphoneos*]" = "";
			};
			name = Debug;
		};
		1D6058950D05DD3E006BFB54 /* Release */ = {
			isa = XCBuildConfiguration;
			buildSettings = {
				ALWAYS_SEARCH_USER_PATHS = NO;
				COPY_PHASE_STRIP = YES;
				GCC_PRECOMPILE_PREFIX_HEADER = YES;
				GCC_PREFIX_HEADER = eponyms_touch_Prefix.pch;
				HEADER_SEARCH_PATHS = "\"${PROJECT_DIR}/../SQLiteUnicode/build/${BUILD_STYLE}-${PLATFORM_NAME}/usr/local/include\"";
				INFOPLIST_FILE = Info.plist;
				LIBRARY_SEARCH_PATHS = (
					"$(inherited)",
					"\"$(SRCROOT)\"",
					"\"$(SRCROOT)/GoogleAds\"",
				);
				PRODUCT_NAME = "eponyms-touch";
			};
			name = Release;
		};
		C01FCF4F08A954540054247B /* Debug */ = {
			isa = XCBuildConfiguration;
			buildSettings = {
				ARCHS = "$(ARCHS_STANDARD_32_BIT)";
				"CODE_SIGN_IDENTITY[sdk=iphoneos*]" = "Don't Code Sign";
				FRAMEWORK_SEARCH_PATHS = "";
				GCC_C_LANGUAGE_STANDARD = "compiler-default";
				GCC_PREPROCESSOR_DEFINITIONS = (
					SQLITE_ENABLE_UNICODE,
					SQLITE_CORE,
				);
				GCC_WARN_ABOUT_RETURN_TYPE = YES;
				GCC_WARN_UNUSED_VARIABLE = YES;
				HEADER_SEARCH_PATHS = "";
				LIBRARY_SEARCH_PATHS = "";
				ONLY_ACTIVE_ARCH = YES;
				OTHER_LDFLAGS = "";
				PREBINDING = NO;
				"PROVISIONING_PROFILE[sdk=iphoneos*]" = "";
				RUN_CLANG_STATIC_ANALYZER = NO;
				SDKROOT = iphoneos2.0;
			};
			name = Debug;
		};
		C01FCF5008A954540054247B /* Release */ = {
			isa = XCBuildConfiguration;
			buildSettings = {
				ARCHS = "$(ARCHS_STANDARD_32_BIT)";
				"CODE_SIGN_IDENTITY[sdk=iphoneos*]" = "Don't Code Sign";
				FRAMEWORK_SEARCH_PATHS = "";
				GCC_C_LANGUAGE_STANDARD = c99;
				GCC_PREPROCESSOR_DEFINITIONS = (
					SQLITE_ENABLE_UNICODE,
					SQLITE_CORE,
				);
				GCC_WARN_ABOUT_RETURN_TYPE = YES;
				GCC_WARN_UNUSED_VARIABLE = YES;
				HEADER_SEARCH_PATHS = "";
				LIBRARY_SEARCH_PATHS = "";
				OTHER_LDFLAGS = "";
				PREBINDING = NO;
				"PROVISIONING_PROFILE[sdk=iphoneos*]" = "";
				SDKROOT = iphoneos2.0;
			};
			name = Release;
		};
		EE5036410F5F3ACA00EB56A2 /* Distribution */ = {
			isa = XCBuildConfiguration;
			buildSettings = {
				ARCHS = "$(ARCHS_STANDARD_32_BIT)";
				"CODE_SIGN_IDENTITY[sdk=iphoneos*]" = "iPhone Distribution: Pascal Pfiffner";
				FRAMEWORK_SEARCH_PATHS = "";
				GCC_C_LANGUAGE_STANDARD = c99;
				GCC_PREPROCESSOR_DEFINITIONS = (
					SQLITE_ENABLE_UNICODE,
					SQLITE_CORE,
				);
				GCC_WARN_ABOUT_RETURN_TYPE = YES;
				GCC_WARN_UNUSED_VARIABLE = YES;
				HEADER_SEARCH_PATHS = "";
				LIBRARY_SEARCH_PATHS = "";
				OTHER_LDFLAGS = "";
				PREBINDING = NO;
				"PROVISIONING_PROFILE[sdk=iphoneos*]" = "0C954729-44E5-469B-9F90-DB1AF15A0033";
				SDKROOT = iphoneos2.0;
			};
			name = Distribution;
		};
		EE5036420F5F3ACA00EB56A2 /* Distribution */ = {
			isa = XCBuildConfiguration;
			buildSettings = {
				ALWAYS_SEARCH_USER_PATHS = NO;
				COPY_PHASE_STRIP = YES;
				GCC_PRECOMPILE_PREFIX_HEADER = YES;
				GCC_PREFIX_HEADER = eponyms_touch_Prefix.pch;
				HEADER_SEARCH_PATHS = "\"${PROJECT_DIR}/../SQLiteUnicode/build/${BUILD_STYLE}-${PLATFORM_NAME}/usr/local/include\"";
				INFOPLIST_FILE = Info.plist;
				LIBRARY_SEARCH_PATHS = (
					"$(inherited)",
					"\"$(SRCROOT)\"",
					"\"$(SRCROOT)/GoogleAds\"",
				);
				PRODUCT_NAME = "eponyms-touch";
			};
			name = Distribution;
		};
		EE563880109DFB1D00D6C4E6 /* Debug */ = {
			isa = XCBuildConfiguration;
			buildSettings = {
				ALWAYS_SEARCH_USER_PATHS = NO;
				CODE_SIGN_ENTITLEMENTS = "";
				"CODE_SIGN_IDENTITY[sdk=iphoneos*]" = "iPhone Developer";
				COPY_PHASE_STRIP = NO;
				GCC_DYNAMIC_NO_PIC = NO;
				GCC_OPTIMIZATION_LEVEL = 0;
				GCC_PRECOMPILE_PREFIX_HEADER = YES;
				GCC_PREFIX_HEADER = eponyms_touch_Prefix.pch;
				HEADER_SEARCH_PATHS = "\"${PROJECT_DIR}/../SQLiteUnicode/build/${BUILD_STYLE}-${PLATFORM_NAME}/usr/local/include\"";
				INFOPLIST_FILE = "Info-student.plist";
				LIBRARY_SEARCH_PATHS = (
					"$(inherited)",
					"\"$(SRCROOT)\"",
					"\"$(SRCROOT)/GoogleAds\"",
				);
				OTHER_CFLAGS = "-DSHOW_GOOGLE_ADS";
				PRODUCT_NAME = "eponyms-student";
				"PROVISIONING_PROFILE[sdk=iphoneos*]" = "";
			};
			name = Debug;
		};
		EE563881109DFB1D00D6C4E6 /* Release */ = {
			isa = XCBuildConfiguration;
			buildSettings = {
				ALWAYS_SEARCH_USER_PATHS = NO;
				"CODE_SIGN_IDENTITY[sdk=iphoneos*]" = "iPhone Distribution: Pascal Pfiffner";
				COPY_PHASE_STRIP = YES;
				GCC_PRECOMPILE_PREFIX_HEADER = YES;
				GCC_PREFIX_HEADER = eponyms_touch_Prefix.pch;
				HEADER_SEARCH_PATHS = "\"${PROJECT_DIR}/../SQLiteUnicode/build/${BUILD_STYLE}-${PLATFORM_NAME}/usr/local/include\"";
				INFOPLIST_FILE = "Info-student.plist";
				LIBRARY_SEARCH_PATHS = (
					"$(inherited)",
					"\"$(SRCROOT)\"",
					"\"$(SRCROOT)/GoogleAds\"",
				);
				OTHER_CFLAGS = "-DSHOW_GOOGLE_ADS";
				PRODUCT_NAME = "eponyms-student";
				"PROVISIONING_PROFILE[sdk=iphoneos*]" = "574DB9DC-0CDE-425B-9CB5-0FBD5DA32410";
			};
			name = Release;
		};
		EE563882109DFB1D00D6C4E6 /* Distribution */ = {
			isa = XCBuildConfiguration;
			buildSettings = {
				ALWAYS_SEARCH_USER_PATHS = NO;
				"CODE_SIGN_IDENTITY[sdk=iphoneos*]" = "iPhone Distribution: Pascal Pfiffner";
				COPY_PHASE_STRIP = YES;
				GCC_PRECOMPILE_PREFIX_HEADER = YES;
				GCC_PREFIX_HEADER = eponyms_touch_Prefix.pch;
				HEADER_SEARCH_PATHS = "\"${PROJECT_DIR}/../SQLiteUnicode/build/${BUILD_STYLE}-${PLATFORM_NAME}/usr/local/include\"";
				INFOPLIST_FILE = "Info-student.plist";
				LIBRARY_SEARCH_PATHS = (
					"$(inherited)",
					"\"$(SRCROOT)\"",
					"\"$(SRCROOT)/GoogleAds\"",
				);
				OTHER_CFLAGS = "-DSHOW_GOOGLE_ADS";
				PRODUCT_NAME = "eponyms-student";
				"PROVISIONING_PROFILE[sdk=iphoneos*]" = "574DB9DC-0CDE-425B-9CB5-0FBD5DA32410";
			};
			name = Distribution;
		};
		EE563883109DFB1D00D6C4E6 /* AdHoc */ = {
			isa = XCBuildConfiguration;
			buildSettings = {
				ALWAYS_SEARCH_USER_PATHS = NO;
				CODE_SIGN_ENTITLEMENTS = Entitlements.plist;
				"CODE_SIGN_IDENTITY[sdk=iphoneos*]" = "iPhone Distribution: Pascal Pfiffner";
				COPY_PHASE_STRIP = YES;
				GCC_PRECOMPILE_PREFIX_HEADER = YES;
				GCC_PREFIX_HEADER = eponyms_touch_Prefix.pch;
				HEADER_SEARCH_PATHS = "\"${PROJECT_DIR}/../SQLiteUnicode/build/${BUILD_STYLE}-${PLATFORM_NAME}/usr/local/include\"";
				INFOPLIST_FILE = "Info-student.plist";
				LIBRARY_SEARCH_PATHS = (
					"$(inherited)",
					"\"$(SRCROOT)\"",
					"\"$(SRCROOT)/GoogleAds\"",
				);
				OTHER_CFLAGS = "-DSHOW_GOOGLE_ADS";
				PRODUCT_NAME = "eponyms-student";
				"PROVISIONING_PROFILE[sdk=iphoneos*]" = "574DB9DC-0CDE-425B-9CB5-0FBD5DA32410";
			};
			name = AdHoc;
		};
		EE5639D2109E258400D6C4E6 /* Debug Plus */ = {
			isa = XCBuildConfiguration;
			buildSettings = {
				ARCHS = "$(ARCHS_STANDARD_32_BIT)";
				"CODE_SIGN_IDENTITY[sdk=iphoneos*]" = "Don't Code Sign";
				FRAMEWORK_SEARCH_PATHS = "";
				GCC_C_LANGUAGE_STANDARD = "compiler-default";
				GCC_PREPROCESSOR_DEFINITIONS = (
					SQLITE_ENABLE_UNICODE,
					SQLITE_CORE,
				);
				GCC_WARN_ABOUT_RETURN_TYPE = YES;
				GCC_WARN_UNUSED_VARIABLE = YES;
				HEADER_SEARCH_PATHS = "";
				LIBRARY_SEARCH_PATHS = "";
				ONLY_ACTIVE_ARCH = YES;
				OTHER_LDFLAGS = "";
				PREBINDING = NO;
				"PROVISIONING_PROFILE[sdk=iphoneos*]" = "";
				RUN_CLANG_STATIC_ANALYZER = YES;
				SDKROOT = iphoneos2.0;
			};
			name = "Debug Plus";
		};
		EE5639D3109E258400D6C4E6 /* Debug Plus */ = {
			isa = XCBuildConfiguration;
			buildSettings = {
				ALWAYS_SEARCH_USER_PATHS = NO;
				CODE_SIGN_ENTITLEMENTS = "";
				"CODE_SIGN_IDENTITY[sdk=iphoneos*]" = "iPhone Developer";
				COPY_PHASE_STRIP = NO;
				GCC_DYNAMIC_NO_PIC = NO;
				GCC_OPTIMIZATION_LEVEL = 0;
				GCC_PRECOMPILE_PREFIX_HEADER = YES;
				GCC_PREFIX_HEADER = eponyms_touch_Prefix.pch;
				HEADER_SEARCH_PATHS = "\"${PROJECT_DIR}/../SQLiteUnicode/build/${BUILD_STYLE}-${PLATFORM_NAME}/usr/local/include\"";
				INFOPLIST_FILE = Info.plist;
				LIBRARY_SEARCH_PATHS = (
					"$(inherited)",
					"\"$(SRCROOT)\"",
					"\"$(SRCROOT)/GoogleAds\"",
				);
				PRODUCT_NAME = "eponyms-touch";
				"PROVISIONING_PROFILE[sdk=iphoneos*]" = "";
			};
			name = "Debug Plus";
		};
		EE5639D4109E258400D6C4E6 /* Debug Plus */ = {
			isa = XCBuildConfiguration;
			buildSettings = {
				ALWAYS_SEARCH_USER_PATHS = NO;
				CODE_SIGN_ENTITLEMENTS = "";
				"CODE_SIGN_IDENTITY[sdk=iphoneos*]" = "iPhone Distribution: Pascal Pfiffner";
				COPY_PHASE_STRIP = NO;
				GCC_DYNAMIC_NO_PIC = NO;
				GCC_OPTIMIZATION_LEVEL = 0;
				GCC_PRECOMPILE_PREFIX_HEADER = YES;
				GCC_PREFIX_HEADER = eponyms_touch_Prefix.pch;
				HEADER_SEARCH_PATHS = "\"${PROJECT_DIR}/../SQLiteUnicode/build/${BUILD_STYLE}-${PLATFORM_NAME}/usr/local/include\"";
				INFOPLIST_FILE = "Info-student.plist";
				LIBRARY_SEARCH_PATHS = (
					"$(inherited)",
					"\"$(SRCROOT)\"",
					"\"$(SRCROOT)/GoogleAds\"",
				);
				OTHER_CFLAGS = "-DSHOW_GOOGLE_ADS";
				PRODUCT_NAME = "eponyms-student";
				"PROVISIONING_PROFILE[sdk=iphoneos*]" = "574DB9DC-0CDE-425B-9CB5-0FBD5DA32410";
			};
			name = "Debug Plus";
		};
		EEF9F28B0EA74874002F024E /* AdHoc */ = {
			isa = XCBuildConfiguration;
			buildSettings = {
				ARCHS = "$(ARCHS_STANDARD_32_BIT)";
				"CODE_SIGN_IDENTITY[sdk=iphoneos*]" = "iPhone Distribution: Pascal Pfiffner";
				FRAMEWORK_SEARCH_PATHS = "";
				GCC_C_LANGUAGE_STANDARD = c99;
				GCC_PREPROCESSOR_DEFINITIONS = (
					SQLITE_ENABLE_UNICODE,
					SQLITE_CORE,
				);
				GCC_WARN_ABOUT_RETURN_TYPE = YES;
				GCC_WARN_UNUSED_VARIABLE = YES;
				HEADER_SEARCH_PATHS = "";
				LIBRARY_SEARCH_PATHS = "";
				OTHER_LDFLAGS = "";
				PREBINDING = NO;
				"PROVISIONING_PROFILE[sdk=iphoneos*]" = "574DB9DC-0CDE-425B-9CB5-0FBD5DA32410";
				SDKROOT = iphoneos2.0;
			};
			name = AdHoc;
		};
		EEF9F28C0EA74874002F024E /* AdHoc */ = {
			isa = XCBuildConfiguration;
			buildSettings = {
				ALWAYS_SEARCH_USER_PATHS = NO;
				CODE_SIGN_ENTITLEMENTS = Entitlements.plist;
				COPY_PHASE_STRIP = YES;
				GCC_PRECOMPILE_PREFIX_HEADER = YES;
				GCC_PREFIX_HEADER = eponyms_touch_Prefix.pch;
				HEADER_SEARCH_PATHS = "\"${PROJECT_DIR}/../SQLiteUnicode/build/${BUILD_STYLE}-${PLATFORM_NAME}/usr/local/include\"";
				INFOPLIST_FILE = Info.plist;
				LIBRARY_SEARCH_PATHS = (
					"$(inherited)",
					"\"$(SRCROOT)\"",
					"\"$(SRCROOT)/GoogleAds\"",
				);
				PRODUCT_NAME = "eponyms-touch";
			};
			name = AdHoc;
		};
/* End XCBuildConfiguration section */

/* Begin XCConfigurationList section */
		1D6058960D05DD3E006BFB54 /* Build configuration list for PBXNativeTarget "eponyms-touch" */ = {
			isa = XCConfigurationList;
			buildConfigurations = (
				1D6058940D05DD3E006BFB54 /* Debug */,
				EE5639D3109E258400D6C4E6 /* Debug Plus */,
				1D6058950D05DD3E006BFB54 /* Release */,
				EE5036420F5F3ACA00EB56A2 /* Distribution */,
				EEF9F28C0EA74874002F024E /* AdHoc */,
			);
			defaultConfigurationIsVisible = 0;
			defaultConfigurationName = Release;
		};
		C01FCF4E08A954540054247B /* Build configuration list for PBXProject "eponyms-touch" */ = {
			isa = XCConfigurationList;
			buildConfigurations = (
				C01FCF4F08A954540054247B /* Debug */,
				EE5639D2109E258400D6C4E6 /* Debug Plus */,
				C01FCF5008A954540054247B /* Release */,
				EE5036410F5F3ACA00EB56A2 /* Distribution */,
				EEF9F28B0EA74874002F024E /* AdHoc */,
			);
			defaultConfigurationIsVisible = 0;
			defaultConfigurationName = Release;
		};
		EE56387F109DFB1D00D6C4E6 /* Build configuration list for PBXNativeTarget "eponyms-student" */ = {
			isa = XCConfigurationList;
			buildConfigurations = (
				EE563880109DFB1D00D6C4E6 /* Debug */,
				EE5639D4109E258400D6C4E6 /* Debug Plus */,
				EE563881109DFB1D00D6C4E6 /* Release */,
				EE563882109DFB1D00D6C4E6 /* Distribution */,
				EE563883109DFB1D00D6C4E6 /* AdHoc */,
			);
			defaultConfigurationIsVisible = 0;
			defaultConfigurationName = Release;
		};
/* End XCConfigurationList section */
	};
	rootObject = 29B97313FDCFA39411CA2CEA /* Project object */;
}
